// !$*UTF8*$!
{
	archiveVersion = 1;
	classes = {
	};
	objectVersion = 55;
	objects = {

/* Begin PBXBuildFile section */
		5A8564CA28BE4773006C6B22 /* Tests_iOS.swift in Sources */ = {isa = PBXBuildFile; fileRef = 5A8564C928BE4773006C6B22 /* Tests_iOS.swift */; };
		5A8564CC28BE4773006C6B22 /* Tests_iOSLaunchTests.swift in Sources */ = {isa = PBXBuildFile; fileRef = 5A8564CB28BE4773006C6B22 /* Tests_iOSLaunchTests.swift */; };
		5A8564D628BE4773006C6B22 /* Tests_macOS.swift in Sources */ = {isa = PBXBuildFile; fileRef = 5A8564D528BE4773006C6B22 /* Tests_macOS.swift */; };
		5A8564D828BE4773006C6B22 /* Tests_macOSLaunchTests.swift in Sources */ = {isa = PBXBuildFile; fileRef = 5A8564D728BE4773006C6B22 /* Tests_macOSLaunchTests.swift */; };
		5A8564D928BE4773006C6B22 /* NoteAppApp.swift in Sources */ = {isa = PBXBuildFile; fileRef = 5A8564B128BE4771006C6B22 /* NoteAppApp.swift */; };
		5A8564DA28BE4773006C6B22 /* NoteAppApp.swift in Sources */ = {isa = PBXBuildFile; fileRef = 5A8564B128BE4771006C6B22 /* NoteAppApp.swift */; };
		5A8564DB28BE4773006C6B22 /* ContentView.swift in Sources */ = {isa = PBXBuildFile; fileRef = 5A8564B228BE4771006C6B22 /* ContentView.swift */; };
		5A8564DC28BE4773006C6B22 /* ContentView.swift in Sources */ = {isa = PBXBuildFile; fileRef = 5A8564B228BE4771006C6B22 /* ContentView.swift */; };
		5A8564DD28BE4773006C6B22 /* Assets.xcassets in Resources */ = {isa = PBXBuildFile; fileRef = 5A8564B328BE4772006C6B22 /* Assets.xcassets */; };
		5A8564DE28BE4773006C6B22 /* Assets.xcassets in Resources */ = {isa = PBXBuildFile; fileRef = 5A8564B328BE4772006C6B22 /* Assets.xcassets */; };
		5A8564EF28BE49F5006C6B22 /* AppCenterAnalytics in Frameworks */ = {isa = PBXBuildFile; productRef = 5A8564EE28BE49F5006C6B22 /* AppCenterAnalytics */; };
		5A8564F128BE49F5006C6B22 /* AppCenterCrashes in Frameworks */ = {isa = PBXBuildFile; productRef = 5A8564F028BE49F5006C6B22 /* AppCenterCrashes */; };
		5A8564F328BE49F5006C6B22 /* AppCenterDistribute in Frameworks */ = {isa = PBXBuildFile; productRef = 5A8564F228BE49F5006C6B22 /* AppCenterDistribute */; };
/* End PBXBuildFile section */

/* Begin PBXContainerItemProxy section */
		5A8564C628BE4773006C6B22 /* PBXContainerItemProxy */ = {
			isa = PBXContainerItemProxy;
			containerPortal = 5A8564AC28BE4771006C6B22 /* Project object */;
			proxyType = 1;
			remoteGlobalIDString = 5A8564B728BE4772006C6B22;
			remoteInfo = "NoteApp (iOS)";
		};
		5A8564D228BE4773006C6B22 /* PBXContainerItemProxy */ = {
			isa = PBXContainerItemProxy;
			containerPortal = 5A8564AC28BE4771006C6B22 /* Project object */;
			proxyType = 1;
			remoteGlobalIDString = 5A8564BD28BE4773006C6B22;
			remoteInfo = "NoteApp (macOS)";
		};
/* End PBXContainerItemProxy section */

/* Begin PBXFileReference section */
		5A8564B128BE4771006C6B22 /* NoteAppApp.swift */ = {isa = PBXFileReference; lastKnownFileType = sourcecode.swift; path = NoteAppApp.swift; sourceTree = "<group>"; };
		5A8564B228BE4771006C6B22 /* ContentView.swift */ = {isa = PBXFileReference; lastKnownFileType = sourcecode.swift; path = ContentView.swift; sourceTree = "<group>"; };
		5A8564B328BE4772006C6B22 /* Assets.xcassets */ = {isa = PBXFileReference; lastKnownFileType = folder.assetcatalog; path = Assets.xcassets; sourceTree = "<group>"; };
		5A8564B828BE4772006C6B22 /* NoteApp.app */ = {isa = PBXFileReference; explicitFileType = wrapper.application; includeInIndex = 0; path = NoteApp.app; sourceTree = BUILT_PRODUCTS_DIR; };
		5A8564BE28BE4773006C6B22 /* NoteApp.app */ = {isa = PBXFileReference; explicitFileType = wrapper.application; includeInIndex = 0; path = NoteApp.app; sourceTree = BUILT_PRODUCTS_DIR; };
		5A8564C028BE4773006C6B22 /* macOS.entitlements */ = {isa = PBXFileReference; lastKnownFileType = text.plist.entitlements; path = macOS.entitlements; sourceTree = "<group>"; };
		5A8564C528BE4773006C6B22 /* Tests iOS.xctest */ = {isa = PBXFileReference; explicitFileType = wrapper.cfbundle; includeInIndex = 0; path = "Tests iOS.xctest"; sourceTree = BUILT_PRODUCTS_DIR; };
		5A8564C928BE4773006C6B22 /* Tests_iOS.swift */ = {isa = PBXFileReference; lastKnownFileType = sourcecode.swift; path = Tests_iOS.swift; sourceTree = "<group>"; };
		5A8564CB28BE4773006C6B22 /* Tests_iOSLaunchTests.swift */ = {isa = PBXFileReference; lastKnownFileType = sourcecode.swift; path = Tests_iOSLaunchTests.swift; sourceTree = "<group>"; };
		5A8564D128BE4773006C6B22 /* Tests macOS.xctest */ = {isa = PBXFileReference; explicitFileType = wrapper.cfbundle; includeInIndex = 0; path = "Tests macOS.xctest"; sourceTree = BUILT_PRODUCTS_DIR; };
		5A8564D528BE4773006C6B22 /* Tests_macOS.swift */ = {isa = PBXFileReference; lastKnownFileType = sourcecode.swift; path = Tests_macOS.swift; sourceTree = "<group>"; };
		5A8564D728BE4773006C6B22 /* Tests_macOSLaunchTests.swift */ = {isa = PBXFileReference; lastKnownFileType = sourcecode.swift; path = Tests_macOSLaunchTests.swift; sourceTree = "<group>"; };
/* End PBXFileReference section */

/* Begin PBXFrameworksBuildPhase section */
		5A8564B528BE4772006C6B22 /* Frameworks */ = {
			isa = PBXFrameworksBuildPhase;
			buildActionMask = 2147483647;
			files = (
				5A8564EF28BE49F5006C6B22 /* AppCenterAnalytics in Frameworks */,
				5A8564F128BE49F5006C6B22 /* AppCenterCrashes in Frameworks */,
				5A8564F328BE49F5006C6B22 /* AppCenterDistribute in Frameworks */,
			);
			runOnlyForDeploymentPostprocessing = 0;
		};
		5A8564BB28BE4773006C6B22 /* Frameworks */ = {
			isa = PBXFrameworksBuildPhase;
			buildActionMask = 2147483647;
			files = (
			);
			runOnlyForDeploymentPostprocessing = 0;
		};
		5A8564C228BE4773006C6B22 /* Frameworks */ = {
			isa = PBXFrameworksBuildPhase;
			buildActionMask = 2147483647;
			files = (
			);
			runOnlyForDeploymentPostprocessing = 0;
		};
		5A8564CE28BE4773006C6B22 /* Frameworks */ = {
			isa = PBXFrameworksBuildPhase;
			buildActionMask = 2147483647;
			files = (
			);
			runOnlyForDeploymentPostprocessing = 0;
		};
/* End PBXFrameworksBuildPhase section */

/* Begin PBXGroup section */
		5A8564AB28BE4771006C6B22 = {
			isa = PBXGroup;
			children = (
				5A8564B028BE4771006C6B22 /* Shared */,
				5A8564BF28BE4773006C6B22 /* macOS */,
				5A8564C828BE4773006C6B22 /* Tests iOS */,
				5A8564D428BE4773006C6B22 /* Tests macOS */,
				5A8564B928BE4772006C6B22 /* Products */,
			);
			sourceTree = "<group>";
		};
		5A8564B028BE4771006C6B22 /* Shared */ = {
			isa = PBXGroup;
			children = (
				5A8564B128BE4771006C6B22 /* NoteAppApp.swift */,
				5A8564B228BE4771006C6B22 /* ContentView.swift */,
				5A8564B328BE4772006C6B22 /* Assets.xcassets */,
			);
			path = Shared;
			sourceTree = "<group>";
		};
		5A8564B928BE4772006C6B22 /* Products */ = {
			isa = PBXGroup;
			children = (
				5A8564B828BE4772006C6B22 /* NoteApp.app */,
				5A8564BE28BE4773006C6B22 /* NoteApp.app */,
				5A8564C528BE4773006C6B22 /* Tests iOS.xctest */,
				5A8564D128BE4773006C6B22 /* Tests macOS.xctest */,
			);
			name = Products;
			sourceTree = "<group>";
		};
		5A8564BF28BE4773006C6B22 /* macOS */ = {
			isa = PBXGroup;
			children = (
				5A8564C028BE4773006C6B22 /* macOS.entitlements */,
			);
			path = macOS;
			sourceTree = "<group>";
		};
		5A8564C828BE4773006C6B22 /* Tests iOS */ = {
			isa = PBXGroup;
			children = (
				5A8564C928BE4773006C6B22 /* Tests_iOS.swift */,
				5A8564CB28BE4773006C6B22 /* Tests_iOSLaunchTests.swift */,
			);
			path = "Tests iOS";
			sourceTree = "<group>";
		};
		5A8564D428BE4773006C6B22 /* Tests macOS */ = {
			isa = PBXGroup;
			children = (
				5A8564D528BE4773006C6B22 /* Tests_macOS.swift */,
				5A8564D728BE4773006C6B22 /* Tests_macOSLaunchTests.swift */,
			);
			path = "Tests macOS";
			sourceTree = "<group>";
		};
/* End PBXGroup section */

/* Begin PBXNativeTarget section */
		5A8564B728BE4772006C6B22 /* NoteApp (iOS) */ = {
			isa = PBXNativeTarget;
			buildConfigurationList = 5A8564E128BE4773006C6B22 /* Build configuration list for PBXNativeTarget "NoteApp (iOS)" */;
			buildPhases = (
				5A8564B428BE4772006C6B22 /* Sources */,
				5A8564B528BE4772006C6B22 /* Frameworks */,
				5A8564B628BE4772006C6B22 /* Resources */,
				5A8564F428BE4A06006C6B22 /* Run Swiftlint */,
			);
			buildRules = (
			);
			dependencies = (
			);
			name = "NoteApp (iOS)";
			packageProductDependencies = (
				5A8564EE28BE49F5006C6B22 /* AppCenterAnalytics */,
				5A8564F028BE49F5006C6B22 /* AppCenterCrashes */,
				5A8564F228BE49F5006C6B22 /* AppCenterDistribute */,
			);
			productName = "NoteApp (iOS)";
			productReference = 5A8564B828BE4772006C6B22 /* NoteApp.app */;
			productType = "com.apple.product-type.application";
		};
		5A8564BD28BE4773006C6B22 /* NoteApp (macOS) */ = {
			isa = PBXNativeTarget;
			buildConfigurationList = 5A8564E428BE4773006C6B22 /* Build configuration list for PBXNativeTarget "NoteApp (macOS)" */;
			buildPhases = (
				5A8564BA28BE4773006C6B22 /* Sources */,
				5A8564BB28BE4773006C6B22 /* Frameworks */,
				5A8564BC28BE4773006C6B22 /* Resources */,
			);
			buildRules = (
			);
			dependencies = (
			);
			name = "NoteApp (macOS)";
			productName = "NoteApp (macOS)";
			productReference = 5A8564BE28BE4773006C6B22 /* NoteApp.app */;
			productType = "com.apple.product-type.application";
		};
		5A8564C428BE4773006C6B22 /* Tests iOS */ = {
			isa = PBXNativeTarget;
			buildConfigurationList = 5A8564E728BE4773006C6B22 /* Build configuration list for PBXNativeTarget "Tests iOS" */;
			buildPhases = (
				5A8564C128BE4773006C6B22 /* Sources */,
				5A8564C228BE4773006C6B22 /* Frameworks */,
				5A8564C328BE4773006C6B22 /* Resources */,
			);
			buildRules = (
			);
			dependencies = (
				5A8564C728BE4773006C6B22 /* PBXTargetDependency */,
			);
			name = "Tests iOS";
			productName = "Tests iOS";
			productReference = 5A8564C528BE4773006C6B22 /* Tests iOS.xctest */;
			productType = "com.apple.product-type.bundle.ui-testing";
		};
		5A8564D028BE4773006C6B22 /* Tests macOS */ = {
			isa = PBXNativeTarget;
			buildConfigurationList = 5A8564EA28BE4773006C6B22 /* Build configuration list for PBXNativeTarget "Tests macOS" */;
			buildPhases = (
				5A8564CD28BE4773006C6B22 /* Sources */,
				5A8564CE28BE4773006C6B22 /* Frameworks */,
				5A8564CF28BE4773006C6B22 /* Resources */,
			);
			buildRules = (
			);
			dependencies = (
				5A8564D328BE4773006C6B22 /* PBXTargetDependency */,
			);
			name = "Tests macOS";
			productName = "Tests macOS";
			productReference = 5A8564D128BE4773006C6B22 /* Tests macOS.xctest */;
			productType = "com.apple.product-type.bundle.ui-testing";
		};
/* End PBXNativeTarget section */

/* Begin PBXProject section */
		5A8564AC28BE4771006C6B22 /* Project object */ = {
			isa = PBXProject;
			attributes = {
				BuildIndependentTargetsInParallel = 1;
				LastSwiftUpdateCheck = 1320;
				LastUpgradeCheck = 1320;
				TargetAttributes = {
					5A8564B728BE4772006C6B22 = {
						CreatedOnToolsVersion = 13.2.1;
					};
					5A8564BD28BE4773006C6B22 = {
						CreatedOnToolsVersion = 13.2.1;
					};
					5A8564C428BE4773006C6B22 = {
						CreatedOnToolsVersion = 13.2.1;
						TestTargetID = 5A8564B728BE4772006C6B22;
					};
					5A8564D028BE4773006C6B22 = {
						CreatedOnToolsVersion = 13.2.1;
						TestTargetID = 5A8564BD28BE4773006C6B22;
					};
				};
			};
			buildConfigurationList = 5A8564AF28BE4771006C6B22 /* Build configuration list for PBXProject "NoteApp" */;
			compatibilityVersion = "Xcode 13.0";
			developmentRegion = en;
			hasScannedForEncodings = 0;
			knownRegions = (
				en,
				Base,
			);
			mainGroup = 5A8564AB28BE4771006C6B22;
			packageReferences = (
				5A8564ED28BE49F5006C6B22 /* XCRemoteSwiftPackageReference "appcenter-sdk-apple" */,
			);
			productRefGroup = 5A8564B928BE4772006C6B22 /* Products */;
			projectDirPath = "";
			projectRoot = "";
			targets = (
				5A8564B728BE4772006C6B22 /* NoteApp (iOS) */,
				5A8564BD28BE4773006C6B22 /* NoteApp (macOS) */,
				5A8564C428BE4773006C6B22 /* Tests iOS */,
				5A8564D028BE4773006C6B22 /* Tests macOS */,
			);
		};
/* End PBXProject section */

/* Begin PBXResourcesBuildPhase section */
		5A8564B628BE4772006C6B22 /* Resources */ = {
			isa = PBXResourcesBuildPhase;
			buildActionMask = 2147483647;
			files = (
				5A8564DD28BE4773006C6B22 /* Assets.xcassets in Resources */,
			);
			runOnlyForDeploymentPostprocessing = 0;
		};
		5A8564BC28BE4773006C6B22 /* Resources */ = {
			isa = PBXResourcesBuildPhase;
			buildActionMask = 2147483647;
			files = (
				5A8564DE28BE4773006C6B22 /* Assets.xcassets in Resources */,
			);
			runOnlyForDeploymentPostprocessing = 0;
		};
		5A8564C328BE4773006C6B22 /* Resources */ = {
			isa = PBXResourcesBuildPhase;
			buildActionMask = 2147483647;
			files = (
			);
			runOnlyForDeploymentPostprocessing = 0;
		};
		5A8564CF28BE4773006C6B22 /* Resources */ = {
			isa = PBXResourcesBuildPhase;
			buildActionMask = 2147483647;
			files = (
			);
			runOnlyForDeploymentPostprocessing = 0;
		};
/* End PBXResourcesBuildPhase section */

/* Begin PBXShellScriptBuildPhase section */
		5A8564F428BE4A06006C6B22 /* Run Swiftlint */ = {
			isa = PBXShellScriptBuildPhase;
			buildActionMask = 2147483647;
			files = (
			);
			inputFileListPaths = (
			);
			inputPaths = (
			);
			name = "Run Swiftlint";
			outputFileListPaths = (
			);
			outputPaths = (
			);
			runOnlyForDeploymentPostprocessing = 0;
			shellPath = /bin/sh;
			shellScript = "export PATH=\"$PATH:/opt/homebrew/bin\"\nif which swiftlint > /dev/null; then\n  swiftlint\nelse\n  echo \"warning: SwiftLint not installed, download from https://github.com/realm/SwiftLint\"\nfi\n";
		};
/* End PBXShellScriptBuildPhase section */

/* Begin PBXSourcesBuildPhase section */
		5A8564B428BE4772006C6B22 /* Sources */ = {
			isa = PBXSourcesBuildPhase;
			buildActionMask = 2147483647;
			files = (
				5A8564DB28BE4773006C6B22 /* ContentView.swift in Sources */,
				5A8564D928BE4773006C6B22 /* NoteAppApp.swift in Sources */,
			);
			runOnlyForDeploymentPostprocessing = 0;
		};
		5A8564BA28BE4773006C6B22 /* Sources */ = {
			isa = PBXSourcesBuildPhase;
			buildActionMask = 2147483647;
			files = (
				5A8564DC28BE4773006C6B22 /* ContentView.swift in Sources */,
				5A8564DA28BE4773006C6B22 /* NoteAppApp.swift in Sources */,
			);
			runOnlyForDeploymentPostprocessing = 0;
		};
		5A8564C128BE4773006C6B22 /* Sources */ = {
			isa = PBXSourcesBuildPhase;
			buildActionMask = 2147483647;
			files = (
				5A8564CC28BE4773006C6B22 /* Tests_iOSLaunchTests.swift in Sources */,
				5A8564CA28BE4773006C6B22 /* Tests_iOS.swift in Sources */,
			);
			runOnlyForDeploymentPostprocessing = 0;
		};
		5A8564CD28BE4773006C6B22 /* Sources */ = {
			isa = PBXSourcesBuildPhase;
			buildActionMask = 2147483647;
			files = (
				5A8564D828BE4773006C6B22 /* Tests_macOSLaunchTests.swift in Sources */,
				5A8564D628BE4773006C6B22 /* Tests_macOS.swift in Sources */,
			);
			runOnlyForDeploymentPostprocessing = 0;
		};
/* End PBXSourcesBuildPhase section */

/* Begin PBXTargetDependency section */
		5A8564C728BE4773006C6B22 /* PBXTargetDependency */ = {
			isa = PBXTargetDependency;
			target = 5A8564B728BE4772006C6B22 /* NoteApp (iOS) */;
			targetProxy = 5A8564C628BE4773006C6B22 /* PBXContainerItemProxy */;
		};
		5A8564D328BE4773006C6B22 /* PBXTargetDependency */ = {
			isa = PBXTargetDependency;
			target = 5A8564BD28BE4773006C6B22 /* NoteApp (macOS) */;
			targetProxy = 5A8564D228BE4773006C6B22 /* PBXContainerItemProxy */;
		};
/* End PBXTargetDependency section */

/* Begin XCBuildConfiguration section */
		5A8564DF28BE4773006C6B22 /* Debug */ = {
			isa = XCBuildConfiguration;
			buildSettings = {
				ALWAYS_SEARCH_USER_PATHS = NO;
				CLANG_ANALYZER_NONNULL = YES;
				CLANG_ANALYZER_NUMBER_OBJECT_CONVERSION = YES_AGGRESSIVE;
				CLANG_CXX_LANGUAGE_STANDARD = "gnu++17";
				CLANG_CXX_LIBRARY = "libc++";
				CLANG_ENABLE_MODULES = YES;
				CLANG_ENABLE_OBJC_ARC = YES;
				CLANG_ENABLE_OBJC_WEAK = YES;
				CLANG_WARN_BLOCK_CAPTURE_AUTORELEASING = YES;
				CLANG_WARN_BOOL_CONVERSION = YES;
				CLANG_WARN_COMMA = YES;
				CLANG_WARN_CONSTANT_CONVERSION = YES;
				CLANG_WARN_DEPRECATED_OBJC_IMPLEMENTATIONS = YES;
				CLANG_WARN_DIRECT_OBJC_ISA_USAGE = YES_ERROR;
				CLANG_WARN_DOCUMENTATION_COMMENTS = YES;
				CLANG_WARN_EMPTY_BODY = YES;
				CLANG_WARN_ENUM_CONVERSION = YES;
				CLANG_WARN_INFINITE_RECURSION = YES;
				CLANG_WARN_INT_CONVERSION = YES;
				CLANG_WARN_NON_LITERAL_NULL_CONVERSION = YES;
				CLANG_WARN_OBJC_IMPLICIT_RETAIN_SELF = YES;
				CLANG_WARN_OBJC_LITERAL_CONVERSION = YES;
				CLANG_WARN_OBJC_ROOT_CLASS = YES_ERROR;
				CLANG_WARN_QUOTED_INCLUDE_IN_FRAMEWORK_HEADER = YES;
				CLANG_WARN_RANGE_LOOP_ANALYSIS = YES;
				CLANG_WARN_STRICT_PROTOTYPES = YES;
				CLANG_WARN_SUSPICIOUS_MOVE = YES;
				CLANG_WARN_UNGUARDED_AVAILABILITY = YES_AGGRESSIVE;
				CLANG_WARN_UNREACHABLE_CODE = YES;
				CLANG_WARN__DUPLICATE_METHOD_MATCH = YES;
				COPY_PHASE_STRIP = NO;
				DEBUG_INFORMATION_FORMAT = dwarf;
				ENABLE_STRICT_OBJC_MSGSEND = YES;
				ENABLE_TESTABILITY = YES;
				GCC_C_LANGUAGE_STANDARD = gnu11;
				GCC_DYNAMIC_NO_PIC = NO;
				GCC_NO_COMMON_BLOCKS = YES;
				GCC_OPTIMIZATION_LEVEL = 0;
				GCC_PREPROCESSOR_DEFINITIONS = (
					"DEBUG=1",
					"$(inherited)",
				);
				GCC_WARN_64_TO_32_BIT_CONVERSION = YES;
				GCC_WARN_ABOUT_RETURN_TYPE = YES_ERROR;
				GCC_WARN_UNDECLARED_SELECTOR = YES;
				GCC_WARN_UNINITIALIZED_AUTOS = YES_AGGRESSIVE;
				GCC_WARN_UNUSED_FUNCTION = YES;
				GCC_WARN_UNUSED_VARIABLE = YES;
				MTL_ENABLE_DEBUG_INFO = INCLUDE_SOURCE;
				MTL_FAST_MATH = YES;
				ONLY_ACTIVE_ARCH = YES;
				SWIFT_ACTIVE_COMPILATION_CONDITIONS = DEBUG;
				SWIFT_OPTIMIZATION_LEVEL = "-Onone";
			};
			name = Debug;
		};
		5A8564E028BE4773006C6B22 /* Release */ = {
			isa = XCBuildConfiguration;
			buildSettings = {
				ALWAYS_SEARCH_USER_PATHS = NO;
				CLANG_ANALYZER_NONNULL = YES;
				CLANG_ANALYZER_NUMBER_OBJECT_CONVERSION = YES_AGGRESSIVE;
				CLANG_CXX_LANGUAGE_STANDARD = "gnu++17";
				CLANG_CXX_LIBRARY = "libc++";
				CLANG_ENABLE_MODULES = YES;
				CLANG_ENABLE_OBJC_ARC = YES;
				CLANG_ENABLE_OBJC_WEAK = YES;
				CLANG_WARN_BLOCK_CAPTURE_AUTORELEASING = YES;
				CLANG_WARN_BOOL_CONVERSION = YES;
				CLANG_WARN_COMMA = YES;
				CLANG_WARN_CONSTANT_CONVERSION = YES;
				CLANG_WARN_DEPRECATED_OBJC_IMPLEMENTATIONS = YES;
				CLANG_WARN_DIRECT_OBJC_ISA_USAGE = YES_ERROR;
				CLANG_WARN_DOCUMENTATION_COMMENTS = YES;
				CLANG_WARN_EMPTY_BODY = YES;
				CLANG_WARN_ENUM_CONVERSION = YES;
				CLANG_WARN_INFINITE_RECURSION = YES;
				CLANG_WARN_INT_CONVERSION = YES;
				CLANG_WARN_NON_LITERAL_NULL_CONVERSION = YES;
				CLANG_WARN_OBJC_IMPLICIT_RETAIN_SELF = YES;
				CLANG_WARN_OBJC_LITERAL_CONVERSION = YES;
				CLANG_WARN_OBJC_ROOT_CLASS = YES_ERROR;
				CLANG_WARN_QUOTED_INCLUDE_IN_FRAMEWORK_HEADER = YES;
				CLANG_WARN_RANGE_LOOP_ANALYSIS = YES;
				CLANG_WARN_STRICT_PROTOTYPES = YES;
				CLANG_WARN_SUSPICIOUS_MOVE = YES;
				CLANG_WARN_UNGUARDED_AVAILABILITY = YES_AGGRESSIVE;
				CLANG_WARN_UNREACHABLE_CODE = YES;
				CLANG_WARN__DUPLICATE_METHOD_MATCH = YES;
				COPY_PHASE_STRIP = NO;
				DEBUG_INFORMATION_FORMAT = "dwarf-with-dsym";
				ENABLE_NS_ASSERTIONS = NO;
				ENABLE_STRICT_OBJC_MSGSEND = YES;
				GCC_C_LANGUAGE_STANDARD = gnu11;
				GCC_NO_COMMON_BLOCKS = YES;
				GCC_WARN_64_TO_32_BIT_CONVERSION = YES;
				GCC_WARN_ABOUT_RETURN_TYPE = YES_ERROR;
				GCC_WARN_UNDECLARED_SELECTOR = YES;
				GCC_WARN_UNINITIALIZED_AUTOS = YES_AGGRESSIVE;
				GCC_WARN_UNUSED_FUNCTION = YES;
				GCC_WARN_UNUSED_VARIABLE = YES;
				MTL_ENABLE_DEBUG_INFO = NO;
				MTL_FAST_MATH = YES;
				SWIFT_COMPILATION_MODE = wholemodule;
				SWIFT_OPTIMIZATION_LEVEL = "-O";
			};
			name = Release;
		};
		5A8564E228BE4773006C6B22 /* Debug */ = {
			isa = XCBuildConfiguration;
			buildSettings = {
				ASSETCATALOG_COMPILER_APPICON_NAME = AppIcon;
				ASSETCATALOG_COMPILER_GLOBAL_ACCENT_COLOR_NAME = AccentColor;
				CODE_SIGN_STYLE = Automatic;
				CURRENT_PROJECT_VERSION = 1;
				DEVELOPMENT_TEAM = BP2GHWM7V6;
				ENABLE_PREVIEWS = YES;
				GENERATE_INFOPLIST_FILE = YES;
				INFOPLIST_KEY_UIApplicationSceneManifest_Generation = YES;
				INFOPLIST_KEY_UIApplicationSupportsIndirectInputEvents = YES;
				INFOPLIST_KEY_UILaunchScreen_Generation = YES;
				INFOPLIST_KEY_UISupportedInterfaceOrientations_iPad = "UIInterfaceOrientationPortrait UIInterfaceOrientationPortraitUpsideDown UIInterfaceOrientationLandscapeLeft UIInterfaceOrientationLandscapeRight";
				INFOPLIST_KEY_UISupportedInterfaceOrientations_iPhone = "UIInterfaceOrientationPortrait UIInterfaceOrientationLandscapeLeft UIInterfaceOrientationLandscapeRight";
				IPHONEOS_DEPLOYMENT_TARGET = 15.2;
				LD_RUNPATH_SEARCH_PATHS = (
					"$(inherited)",
					"@executable_path/Frameworks",
				);
				MARKETING_VERSION = 1.0;
				PRODUCT_BUNDLE_IDENTIFIER = lamnd.eloo.dev.NoteApp;
				PRODUCT_NAME = NoteApp;
				SDKROOT = iphoneos;
				SWIFT_EMIT_LOC_STRINGS = YES;
				SWIFT_VERSION = 5.0;
				TARGETED_DEVICE_FAMILY = "1,2";
			};
			name = Debug;
		};
		5A8564E328BE4773006C6B22 /* Release */ = {
			isa = XCBuildConfiguration;
			buildSettings = {
				ASSETCATALOG_COMPILER_APPICON_NAME = AppIcon;
				ASSETCATALOG_COMPILER_GLOBAL_ACCENT_COLOR_NAME = AccentColor;
				CODE_SIGN_STYLE = Automatic;
				CURRENT_PROJECT_VERSION = 1;
				DEVELOPMENT_TEAM = BP2GHWM7V6;
				ENABLE_PREVIEWS = YES;
				GENERATE_INFOPLIST_FILE = YES;
				INFOPLIST_KEY_UIApplicationSceneManifest_Generation = YES;
				INFOPLIST_KEY_UIApplicationSupportsIndirectInputEvents = YES;
				INFOPLIST_KEY_UILaunchScreen_Generation = YES;
				INFOPLIST_KEY_UISupportedInterfaceOrientations_iPad = "UIInterfaceOrientationPortrait UIInterfaceOrientationPortraitUpsideDown UIInterfaceOrientationLandscapeLeft UIInterfaceOrientationLandscapeRight";
				INFOPLIST_KEY_UISupportedInterfaceOrientations_iPhone = "UIInterfaceOrientationPortrait UIInterfaceOrientationLandscapeLeft UIInterfaceOrientationLandscapeRight";
				IPHONEOS_DEPLOYMENT_TARGET = 15.2;
				LD_RUNPATH_SEARCH_PATHS = (
					"$(inherited)",
					"@executable_path/Frameworks",
				);
				MARKETING_VERSION = 1.0;
				PRODUCT_BUNDLE_IDENTIFIER = lamnd.eloo.dev.NoteApp;
				PRODUCT_NAME = NoteApp;
				SDKROOT = iphoneos;
				SWIFT_EMIT_LOC_STRINGS = YES;
				SWIFT_VERSION = 5.0;
				TARGETED_DEVICE_FAMILY = "1,2";
				VALIDATE_PRODUCT = YES;
			};
			name = Release;
		};
		5A8564E528BE4773006C6B22 /* Debug */ = {
			isa = XCBuildConfiguration;
			buildSettings = {
				ASSETCATALOG_COMPILER_APPICON_NAME = AppIcon;
				ASSETCATALOG_COMPILER_GLOBAL_ACCENT_COLOR_NAME = AccentColor;
				CODE_SIGN_ENTITLEMENTS = macOS/macOS.entitlements;
				CODE_SIGN_STYLE = Automatic;
				COMBINE_HIDPI_IMAGES = YES;
				CURRENT_PROJECT_VERSION = 1;
				DEVELOPMENT_TEAM = BP2GHWM7V6;
				ENABLE_HARDENED_RUNTIME = YES;
				ENABLE_PREVIEWS = YES;
				GENERATE_INFOPLIST_FILE = YES;
				INFOPLIST_KEY_NSHumanReadableCopyright = "";
				LD_RUNPATH_SEARCH_PATHS = (
					"$(inherited)",
					"@executable_path/../Frameworks",
				);
				MACOSX_DEPLOYMENT_TARGET = 12.1;
				MARKETING_VERSION = 1.0;
				PRODUCT_BUNDLE_IDENTIFIER = lamnd.eloo.dev.NoteApp;
				PRODUCT_NAME = NoteApp;
				SDKROOT = macosx;
				SWIFT_EMIT_LOC_STRINGS = YES;
				SWIFT_VERSION = 5.0;
			};
			name = Debug;
		};
		5A8564E628BE4773006C6B22 /* Release */ = {
			isa = XCBuildConfiguration;
			buildSettings = {
				ASSETCATALOG_COMPILER_APPICON_NAME = AppIcon;
				ASSETCATALOG_COMPILER_GLOBAL_ACCENT_COLOR_NAME = AccentColor;
				CODE_SIGN_ENTITLEMENTS = macOS/macOS.entitlements;
				CODE_SIGN_STYLE = Automatic;
				COMBINE_HIDPI_IMAGES = YES;
				CURRENT_PROJECT_VERSION = 1;
				DEVELOPMENT_TEAM = BP2GHWM7V6;
				ENABLE_HARDENED_RUNTIME = YES;
				ENABLE_PREVIEWS = YES;
				GENERATE_INFOPLIST_FILE = YES;
				INFOPLIST_KEY_NSHumanReadableCopyright = "";
				LD_RUNPATH_SEARCH_PATHS = (
					"$(inherited)",
					"@executable_path/../Frameworks",
				);
				MACOSX_DEPLOYMENT_TARGET = 12.1;
				MARKETING_VERSION = 1.0;
				PRODUCT_BUNDLE_IDENTIFIER = lamnd.eloo.dev.NoteApp;
				PRODUCT_NAME = NoteApp;
				SDKROOT = macosx;
				SWIFT_EMIT_LOC_STRINGS = YES;
				SWIFT_VERSION = 5.0;
			};
			name = Release;
		};
		5A8564E828BE4773006C6B22 /* Debug */ = {
			isa = XCBuildConfiguration;
			buildSettings = {
				ALWAYS_EMBED_SWIFT_STANDARD_LIBRARIES = YES;
				CODE_SIGN_STYLE = Automatic;
				CURRENT_PROJECT_VERSION = 1;
				DEVELOPMENT_TEAM = BP2GHWM7V6;
				GENERATE_INFOPLIST_FILE = YES;
				IPHONEOS_DEPLOYMENT_TARGET = 15.2;
				MARKETING_VERSION = 1.0;
				PRODUCT_BUNDLE_IDENTIFIER = "lamnd.eloo.dev.Tests-iOS";
				PRODUCT_NAME = "$(TARGET_NAME)";
				SDKROOT = iphoneos;
				SWIFT_EMIT_LOC_STRINGS = NO;
				SWIFT_VERSION = 5.0;
				TARGETED_DEVICE_FAMILY = "1,2";
				TEST_TARGET_NAME = "NoteApp (iOS)";
			};
			name = Debug;
		};
		5A8564E928BE4773006C6B22 /* Release */ = {
			isa = XCBuildConfiguration;
			buildSettings = {
				ALWAYS_EMBED_SWIFT_STANDARD_LIBRARIES = YES;
				CODE_SIGN_STYLE = Automatic;
				CURRENT_PROJECT_VERSION = 1;
				DEVELOPMENT_TEAM = BP2GHWM7V6;
				GENERATE_INFOPLIST_FILE = YES;
				IPHONEOS_DEPLOYMENT_TARGET = 15.2;
				MARKETING_VERSION = 1.0;
				PRODUCT_BUNDLE_IDENTIFIER = "lamnd.eloo.dev.Tests-iOS";
				PRODUCT_NAME = "$(TARGET_NAME)";
				SDKROOT = iphoneos;
				SWIFT_EMIT_LOC_STRINGS = NO;
				SWIFT_VERSION = 5.0;
				TARGETED_DEVICE_FAMILY = "1,2";
				TEST_TARGET_NAME = "NoteApp (iOS)";
				VALIDATE_PRODUCT = YES;
			};
			name = Release;
		};
		5A8564EB28BE4773006C6B22 /* Debug */ = {
			isa = XCBuildConfiguration;
			buildSettings = {
				ALWAYS_EMBED_SWIFT_STANDARD_LIBRARIES = YES;
				CODE_SIGN_STYLE = Automatic;
				CURRENT_PROJECT_VERSION = 1;
				DEVELOPMENT_TEAM = BP2GHWM7V6;
				GENERATE_INFOPLIST_FILE = YES;
				MACOSX_DEPLOYMENT_TARGET = 12.1;
				MARKETING_VERSION = 1.0;
				PRODUCT_BUNDLE_IDENTIFIER = "lamnd.eloo.dev.Tests-macOS";
				PRODUCT_NAME = "$(TARGET_NAME)";
				SDKROOT = macosx;
				SWIFT_EMIT_LOC_STRINGS = NO;
				SWIFT_VERSION = 5.0;
				TEST_TARGET_NAME = "NoteApp (macOS)";
			};
			name = Debug;
		};
		5A8564EC28BE4773006C6B22 /* Release */ = {
			isa = XCBuildConfiguration;
			buildSettings = {
				ALWAYS_EMBED_SWIFT_STANDARD_LIBRARIES = YES;
				CODE_SIGN_STYLE = Automatic;
				CURRENT_PROJECT_VERSION = 1;
				DEVELOPMENT_TEAM = BP2GHWM7V6;
				GENERATE_INFOPLIST_FILE = YES;
				MACOSX_DEPLOYMENT_TARGET = 12.1;
				MARKETING_VERSION = 1.0;
				PRODUCT_BUNDLE_IDENTIFIER = "lamnd.eloo.dev.Tests-macOS";
				PRODUCT_NAME = "$(TARGET_NAME)";
				SDKROOT = macosx;
				SWIFT_EMIT_LOC_STRINGS = NO;
				SWIFT_VERSION = 5.0;
				TEST_TARGET_NAME = "NoteApp (macOS)";
			};
			name = Release;
		};
/* End XCBuildConfiguration section */

/* Begin XCConfigurationList section */
		5A8564AF28BE4771006C6B22 /* Build configuration list for PBXProject "NoteApp" */ = {
			isa = XCConfigurationList;
			buildConfigurations = (
				5A8564DF28BE4773006C6B22 /* Debug */,
				5A8564E028BE4773006C6B22 /* Release */,
			);
			defaultConfigurationIsVisible = 0;
			defaultConfigurationName = Release;
		};
		5A8564E128BE4773006C6B22 /* Build configuration list for PBXNativeTarget "NoteApp (iOS)" */ = {
			isa = XCConfigurationList;
			buildConfigurations = (
				5A8564E228BE4773006C6B22 /* Debug */,
				5A8564E328BE4773006C6B22 /* Release */,
			);
			defaultConfigurationIsVisible = 0;
			defaultConfigurationName = Release;
		};
		5A8564E428BE4773006C6B22 /* Build configuration list for PBXNativeTarget "NoteApp (macOS)" */ = {
			isa = XCConfigurationList;
			buildConfigurations = (
				5A8564E528BE4773006C6B22 /* Debug */,
				5A8564E628BE4773006C6B22 /* Release */,
			);
			defaultConfigurationIsVisible = 0;
			defaultConfigurationName = Release;
		};
		5A8564E728BE4773006C6B22 /* Build configuration list for PBXNativeTarget "Tests iOS" */ = {
			isa = XCConfigurationList;
			buildConfigurations = (
				5A8564E828BE4773006C6B22 /* Debug */,
				5A8564E928BE4773006C6B22 /* Release */,
			);
			defaultConfigurationIsVisible = 0;
			defaultConfigurationName = Release;
		};
		5A8564EA28BE4773006C6B22 /* Build configuration list for PBXNativeTarget "Tests macOS" */ = {
			isa = XCConfigurationList;
			buildConfigurations = (
				5A8564EB28BE4773006C6B22 /* Debug */,
				5A8564EC28BE4773006C6B22 /* Release */,
			);
			defaultConfigurationIsVisible = 0;
			defaultConfigurationName = Release;
		};
/* End XCConfigurationList section */

/* Begin XCRemoteSwiftPackageReference section */
		5A8564ED28BE49F5006C6B22 /* XCRemoteSwiftPackageReference "appcenter-sdk-apple" */ = {
			isa = XCRemoteSwiftPackageReference;
			repositoryURL = "https://github.com/microsoft/appcenter-sdk-apple";
			requirement = {
				kind = upToNextMajorVersion;
				minimumVersion = 4.0.0;
			};
		};
/* End XCRemoteSwiftPackageReference section */

/* Begin XCSwiftPackageProductDependency section */
		5A8564EE28BE49F5006C6B22 /* AppCenterAnalytics */ = {
			isa = XCSwiftPackageProductDependency;
			package = 5A8564ED28BE49F5006C6B22 /* XCRemoteSwiftPackageReference "appcenter-sdk-apple" */;
			productName = AppCenterAnalytics;
		};
		5A8564F028BE49F5006C6B22 /* AppCenterCrashes */ = {
			isa = XCSwiftPackageProductDependency;
			package = 5A8564ED28BE49F5006C6B22 /* XCRemoteSwiftPackageReference "appcenter-sdk-apple" */;
			productName = AppCenterCrashes;
		};
		5A8564F228BE49F5006C6B22 /* AppCenterDistribute */ = {
			isa = XCSwiftPackageProductDependency;
			package = 5A8564ED28BE49F5006C6B22 /* XCRemoteSwiftPackageReference "appcenter-sdk-apple" */;
			productName = AppCenterDistribute;
		};
/* End XCSwiftPackageProductDependency section */
	};
	rootObject = 5A8564AC28BE4771006C6B22 /* Project object */;
}
