// !$*UTF8*$!
{
	archiveVersion = 1;
	classes = {
	};
	objectVersion = 55;
	objects = {

/* Begin PBXBuildFile section */
		5A23635328C63BB4002B531D /* CalendarView.swift in Sources */ = {isa = PBXBuildFile; fileRef = 5A23635228C63BB4002B531D /* CalendarView.swift */; };
		5A23635428C63BB4002B531D /* CalendarView.swift in Sources */ = {isa = PBXBuildFile; fileRef = 5A23635228C63BB4002B531D /* CalendarView.swift */; };
		5A23635528C63BB4002B531D /* CalendarView.swift in Sources */ = {isa = PBXBuildFile; fileRef = 5A23635228C63BB4002B531D /* CalendarView.swift */; };
		5A23635628C63BB4002B531D /* CalendarView.swift in Sources */ = {isa = PBXBuildFile; fileRef = 5A23635228C63BB4002B531D /* CalendarView.swift */; };
		5A23635928C63FFB002B531D /* DateExtension.swift in Sources */ = {isa = PBXBuildFile; fileRef = 5A23635828C63FFB002B531D /* DateExtension.swift */; };
		5A23635A28C63FFB002B531D /* DateExtension.swift in Sources */ = {isa = PBXBuildFile; fileRef = 5A23635828C63FFB002B531D /* DateExtension.swift */; };
		5A23635B28C63FFB002B531D /* DateExtension.swift in Sources */ = {isa = PBXBuildFile; fileRef = 5A23635828C63FFB002B531D /* DateExtension.swift */; };
		5A23635C28C63FFB002B531D /* DateExtension.swift in Sources */ = {isa = PBXBuildFile; fileRef = 5A23635828C63FFB002B531D /* DateExtension.swift */; };
		5A23635E28C640F4002B531D /* DateValue.swift in Sources */ = {isa = PBXBuildFile; fileRef = 5A23635D28C640F4002B531D /* DateValue.swift */; };
		5A23635F28C640F4002B531D /* DateValue.swift in Sources */ = {isa = PBXBuildFile; fileRef = 5A23635D28C640F4002B531D /* DateValue.swift */; };
		5A23636028C640F4002B531D /* DateValue.swift in Sources */ = {isa = PBXBuildFile; fileRef = 5A23635D28C640F4002B531D /* DateValue.swift */; };
		5A23636128C640F4002B531D /* DateValue.swift in Sources */ = {isa = PBXBuildFile; fileRef = 5A23635D28C640F4002B531D /* DateValue.swift */; };
		5A2B4D8028C4DCE700DBDA9E /* HomeScreen.swift in Sources */ = {isa = PBXBuildFile; fileRef = 5A2B4D7F28C4DCE700DBDA9E /* HomeScreen.swift */; };
		5A2B4D8128C4DCE700DBDA9E /* HomeScreen.swift in Sources */ = {isa = PBXBuildFile; fileRef = 5A2B4D7F28C4DCE700DBDA9E /* HomeScreen.swift */; };
		5A2B4D8228C4DCE800DBDA9E /* HomeScreen.swift in Sources */ = {isa = PBXBuildFile; fileRef = 5A2B4D7F28C4DCE700DBDA9E /* HomeScreen.swift */; };
		5A2B4D8328C4DCE800DBDA9E /* HomeScreen.swift in Sources */ = {isa = PBXBuildFile; fileRef = 5A2B4D7F28C4DCE700DBDA9E /* HomeScreen.swift */; };
		5A67B3E328DCC4BA00FC8BAE /* CreateTaskScreen.swift in Sources */ = {isa = PBXBuildFile; fileRef = 5A67B3E228DCC4BA00FC8BAE /* CreateTaskScreen.swift */; };
		5A78386C28E2A0BC000AE50B /* Category.swift in Sources */ = {isa = PBXBuildFile; fileRef = 5A78386B28E2A0BC000AE50B /* Category.swift */; };
		5A78386D28E2A0BC000AE50B /* Category.swift in Sources */ = {isa = PBXBuildFile; fileRef = 5A78386B28E2A0BC000AE50B /* Category.swift */; };
		5A78386E28E2A0BC000AE50B /* Category.swift in Sources */ = {isa = PBXBuildFile; fileRef = 5A78386B28E2A0BC000AE50B /* Category.swift */; };
		5A78386F28E2A0BC000AE50B /* Category.swift in Sources */ = {isa = PBXBuildFile; fileRef = 5A78386B28E2A0BC000AE50B /* Category.swift */; };
		5A78387128E2CC20000AE50B /* Router.swift in Sources */ = {isa = PBXBuildFile; fileRef = 5A78387028E2CC20000AE50B /* Router.swift */; };
		5A78387228E2CC20000AE50B /* Router.swift in Sources */ = {isa = PBXBuildFile; fileRef = 5A78387028E2CC20000AE50B /* Router.swift */; };
		5A78387328E2CC20000AE50B /* Router.swift in Sources */ = {isa = PBXBuildFile; fileRef = 5A78387028E2CC20000AE50B /* Router.swift */; };
		5A78387428E2CC20000AE50B /* Router.swift in Sources */ = {isa = PBXBuildFile; fileRef = 5A78387028E2CC20000AE50B /* Router.swift */; };
		5A78387628E2D898000AE50B /* NaviBar.swift in Sources */ = {isa = PBXBuildFile; fileRef = 5A78387528E2D898000AE50B /* NaviBar.swift */; };
		5A78387728E2D898000AE50B /* NaviBar.swift in Sources */ = {isa = PBXBuildFile; fileRef = 5A78387528E2D898000AE50B /* NaviBar.swift */; };
		5A78387828E2D898000AE50B /* NaviBar.swift in Sources */ = {isa = PBXBuildFile; fileRef = 5A78387528E2D898000AE50B /* NaviBar.swift */; };
		5A78387928E2D898000AE50B /* NaviBar.swift in Sources */ = {isa = PBXBuildFile; fileRef = 5A78387528E2D898000AE50B /* NaviBar.swift */; };
		5A78387F28E33BE0000AE50B /* HomeViewModel.swift in Sources */ = {isa = PBXBuildFile; fileRef = 5A78387E28E33BE0000AE50B /* HomeViewModel.swift */; };
		5A78388028E33BE0000AE50B /* HomeViewModel.swift in Sources */ = {isa = PBXBuildFile; fileRef = 5A78387E28E33BE0000AE50B /* HomeViewModel.swift */; };
		5A78388128E33BE0000AE50B /* HomeViewModel.swift in Sources */ = {isa = PBXBuildFile; fileRef = 5A78387E28E33BE0000AE50B /* HomeViewModel.swift */; };
		5A78388228E33BE0000AE50B /* HomeViewModel.swift in Sources */ = {isa = PBXBuildFile; fileRef = 5A78387E28E33BE0000AE50B /* HomeViewModel.swift */; };
		5A7F874728DDDF470075AA95 /* CreateTaskViewModel.swift in Sources */ = {isa = PBXBuildFile; fileRef = 5A7F874628DDDF470075AA95 /* CreateTaskViewModel.swift */; };
		5A7F874828DDDF470075AA95 /* CreateTaskViewModel.swift in Sources */ = {isa = PBXBuildFile; fileRef = 5A7F874628DDDF470075AA95 /* CreateTaskViewModel.swift */; };
		5A7F874928DDDF470075AA95 /* CreateTaskViewModel.swift in Sources */ = {isa = PBXBuildFile; fileRef = 5A7F874628DDDF470075AA95 /* CreateTaskViewModel.swift */; };
		5A7F874A28DDDF470075AA95 /* CreateTaskViewModel.swift in Sources */ = {isa = PBXBuildFile; fileRef = 5A7F874628DDDF470075AA95 /* CreateTaskViewModel.swift */; };
		5A8564CA28BE4773006C6B22 /* Tests_iOS.swift in Sources */ = {isa = PBXBuildFile; fileRef = 5A8564C928BE4773006C6B22 /* Tests_iOS.swift */; };
		5A8564CC28BE4773006C6B22 /* Tests_iOSLaunchTests.swift in Sources */ = {isa = PBXBuildFile; fileRef = 5A8564CB28BE4773006C6B22 /* Tests_iOSLaunchTests.swift */; };
		5A8564D628BE4773006C6B22 /* Tests_macOS.swift in Sources */ = {isa = PBXBuildFile; fileRef = 5A8564D528BE4773006C6B22 /* Tests_macOS.swift */; };
		5A8564D828BE4773006C6B22 /* Tests_macOSLaunchTests.swift in Sources */ = {isa = PBXBuildFile; fileRef = 5A8564D728BE4773006C6B22 /* Tests_macOSLaunchTests.swift */; };
		5A8564D928BE4773006C6B22 /* NoteApp.swift in Sources */ = {isa = PBXBuildFile; fileRef = 5A8564B128BE4771006C6B22 /* NoteApp.swift */; };
		5A8564DA28BE4773006C6B22 /* NoteApp.swift in Sources */ = {isa = PBXBuildFile; fileRef = 5A8564B128BE4771006C6B22 /* NoteApp.swift */; };
		5A8564DD28BE4773006C6B22 /* Assets.xcassets in Resources */ = {isa = PBXBuildFile; fileRef = 5A8564B328BE4772006C6B22 /* Assets.xcassets */; };
		5A8564DE28BE4773006C6B22 /* Assets.xcassets in Resources */ = {isa = PBXBuildFile; fileRef = 5A8564B328BE4772006C6B22 /* Assets.xcassets */; };
		5A901C3828E730B80058E1E8 /* FirebaseCoreDiagnostics.xcframework in Frameworks */ = {isa = PBXBuildFile; fileRef = 5A1E8D8928E7277C00227669 /* FirebaseCoreDiagnostics.xcframework */; };
		5A901C3A28E730B80058E1E8 /* gRPC-C++.xcframework in Frameworks */ = {isa = PBXBuildFile; fileRef = 5A1E8D8228E7277B00227669 /* gRPC-C++.xcframework */; };
		5A901C3C28E730B80058E1E8 /* BoringSSL-GRPC.xcframework in Frameworks */ = {isa = PBXBuildFile; fileRef = 5A1E8D6728E7277700227669 /* BoringSSL-GRPC.xcframework */; };
		5A901C3E28E730B80058E1E8 /* Libuv-gRPC.xcframework in Frameworks */ = {isa = PBXBuildFile; fileRef = 5A1E8D7928E7277A00227669 /* Libuv-gRPC.xcframework */; };
		5A901C4028E730B80058E1E8 /* GoogleDataTransport.xcframework in Frameworks */ = {isa = PBXBuildFile; fileRef = 5A1E8D7C28E7277A00227669 /* GoogleDataTransport.xcframework */; };
		5A901C4228E730B80058E1E8 /* abseil.xcframework in Frameworks */ = {isa = PBXBuildFile; fileRef = 5A1E8D7A28E7277A00227669 /* abseil.xcframework */; };
		5A901C4428E730B80058E1E8 /* FBLPromises.xcframework in Frameworks */ = {isa = PBXBuildFile; fileRef = 5A1E8D8C28E7277D00227669 /* FBLPromises.xcframework */; };
		5A901C4628E730B90058E1E8 /* nanopb.xcframework in Frameworks */ = {isa = PBXBuildFile; fileRef = 5A1E8D6928E7277700227669 /* nanopb.xcframework */; };
		5A901C4828E730B90058E1E8 /* FirebaseDynamicLinks.xcframework in Frameworks */ = {isa = PBXBuildFile; fileRef = 5A1E8D8728E7277C00227669 /* FirebaseDynamicLinks.xcframework */; };
		5A901C4A28E730B90058E1E8 /* FirebaseMessaging.xcframework in Frameworks */ = {isa = PBXBuildFile; fileRef = 5A1E8D7628E7277900227669 /* FirebaseMessaging.xcframework */; };
		5A901C4C28E730B90058E1E8 /* FirebaseCoreInternal.xcframework in Frameworks */ = {isa = PBXBuildFile; fileRef = 5A1E8D9228E7277E00227669 /* FirebaseCoreInternal.xcframework */; };
		5A901C4E28E730BA0058E1E8 /* gRPC-Core.xcframework in Frameworks */ = {isa = PBXBuildFile; fileRef = 5A1E8D7828E7277900227669 /* gRPC-Core.xcframework */; };
		5A901C5028E730BA0058E1E8 /* GTMSessionFetcher.xcframework in Frameworks */ = {isa = PBXBuildFile; fileRef = 5A1E8D6D28E7277800227669 /* GTMSessionFetcher.xcframework */; };
		5A901C5228E730BB0058E1E8 /* GoogleUtilities.xcframework in Frameworks */ = {isa = PBXBuildFile; fileRef = 5A1E8D6428E7277600227669 /* GoogleUtilities.xcframework */; };
		5A901C5428E730BB0058E1E8 /* FirebaseFirestore.xcframework in Frameworks */ = {isa = PBXBuildFile; fileRef = 5A1E8D8128E7277B00227669 /* FirebaseFirestore.xcframework */; };
		5A901C5628E730BB0058E1E8 /* FirebaseInstallations.xcframework in Frameworks */ = {isa = PBXBuildFile; fileRef = 5A1E8D9128E7277D00227669 /* FirebaseInstallations.xcframework */; };
		5A901C5828E730BC0058E1E8 /* leveldb-library.xcframework in Frameworks */ = {isa = PBXBuildFile; fileRef = 5A1E8D8528E7277C00227669 /* leveldb-library.xcframework */; };
		5A901C5A28E730BC0058E1E8 /* FirebaseFirestoreSwift.xcframework in Frameworks */ = {isa = PBXBuildFile; fileRef = 5A1E8D8B28E7277D00227669 /* FirebaseFirestoreSwift.xcframework */; };
		5A901C5C28E730BD0058E1E8 /* FirebaseAuth.xcframework in Frameworks */ = {isa = PBXBuildFile; fileRef = 5A1E8D6128E7277600227669 /* FirebaseAuth.xcframework */; };
		5A901C5E28E730BD0058E1E8 /* FirebaseAnalyticsSwift.xcframework in Frameworks */ = {isa = PBXBuildFile; fileRef = 5A1E8D8628E7277C00227669 /* FirebaseAnalyticsSwift.xcframework */; };
		5A901C6028E730BE0058E1E8 /* FirebaseCore.xcframework in Frameworks */ = {isa = PBXBuildFile; fileRef = 5A1E8D6828E7277700227669 /* FirebaseCore.xcframework */; };
		5A901C6228E730BF0058E1E8 /* FirebaseCrashlytics.xcframework in Frameworks */ = {isa = PBXBuildFile; fileRef = 5A1E8D7028E7277800227669 /* FirebaseCrashlytics.xcframework */; };
		5A901C6428E730BF0058E1E8 /* GoogleAppMeasurement.xcframework in Frameworks */ = {isa = PBXBuildFile; fileRef = 5A1E8D7D28E7277A00227669 /* GoogleAppMeasurement.xcframework */; };
		5A901C6628E730C00058E1E8 /* GoogleAppMeasurementIdentitySupport.xcframework in Frameworks */ = {isa = PBXBuildFile; fileRef = 5A1E8D8E28E7277D00227669 /* GoogleAppMeasurementIdentitySupport.xcframework */; };
		5A901C6828E730C10058E1E8 /* FirebaseAnalytics.xcframework in Frameworks */ = {isa = PBXBuildFile; fileRef = 5A1E8D6A28E7277700227669 /* FirebaseAnalytics.xcframework */; };
		5ACB4BB928D20E7A000C1003 /* TaskRepositories.swift in Sources */ = {isa = PBXBuildFile; fileRef = 5ACB4BB828D20E7A000C1003 /* TaskRepositories.swift */; };
		5ACB4BBB28D21DB0000C1003 /* StringExtension.swift in Sources */ = {isa = PBXBuildFile; fileRef = 5ACB4BBA28D21DB0000C1003 /* StringExtension.swift */; };
		5ACF349E28C4E1BD00B62312 /* CurrentTaskScreen.swift in Sources */ = {isa = PBXBuildFile; fileRef = 5ACF349D28C4E1BD00B62312 /* CurrentTaskScreen.swift */; };
		5ACF349F28C4E1BD00B62312 /* CurrentTaskScreen.swift in Sources */ = {isa = PBXBuildFile; fileRef = 5ACF349D28C4E1BD00B62312 /* CurrentTaskScreen.swift */; };
		5ACF34A028C4E1BD00B62312 /* CurrentTaskScreen.swift in Sources */ = {isa = PBXBuildFile; fileRef = 5ACF349D28C4E1BD00B62312 /* CurrentTaskScreen.swift */; };
		5ACF34A128C4E1BD00B62312 /* CurrentTaskScreen.swift in Sources */ = {isa = PBXBuildFile; fileRef = 5ACF349D28C4E1BD00B62312 /* CurrentTaskScreen.swift */; };
		5ACF34A428C4E1E400B62312 /* CalendarScreen.swift in Sources */ = {isa = PBXBuildFile; fileRef = 5ACF34A328C4E1E400B62312 /* CalendarScreen.swift */; };
		5ACF34A528C4E1E400B62312 /* CalendarScreen.swift in Sources */ = {isa = PBXBuildFile; fileRef = 5ACF34A328C4E1E400B62312 /* CalendarScreen.swift */; };
		5ACF34A628C4E1E400B62312 /* CalendarScreen.swift in Sources */ = {isa = PBXBuildFile; fileRef = 5ACF34A328C4E1E400B62312 /* CalendarScreen.swift */; };
		5ACF34A728C4E1E400B62312 /* CalendarScreen.swift in Sources */ = {isa = PBXBuildFile; fileRef = 5ACF34A328C4E1E400B62312 /* CalendarScreen.swift */; };
		5ACF34AA28C4E20300B62312 /* SettingScreen.swift in Sources */ = {isa = PBXBuildFile; fileRef = 5ACF34A928C4E20300B62312 /* SettingScreen.swift */; };
		5ACF34AB28C4E20300B62312 /* SettingScreen.swift in Sources */ = {isa = PBXBuildFile; fileRef = 5ACF34A928C4E20300B62312 /* SettingScreen.swift */; };
		5ACF34AC28C4E20300B62312 /* SettingScreen.swift in Sources */ = {isa = PBXBuildFile; fileRef = 5ACF34A928C4E20300B62312 /* SettingScreen.swift */; };
		5ACF34AD28C4E20300B62312 /* SettingScreen.swift in Sources */ = {isa = PBXBuildFile; fileRef = 5ACF34A928C4E20300B62312 /* SettingScreen.swift */; };
		5ACF34B428C4E52C00B62312 /* PageTag.swift in Sources */ = {isa = PBXBuildFile; fileRef = 5ACF34B328C4E52C00B62312 /* PageTag.swift */; };
		5ACF34B528C4E52C00B62312 /* PageTag.swift in Sources */ = {isa = PBXBuildFile; fileRef = 5ACF34B328C4E52C00B62312 /* PageTag.swift */; };
		5ACF34B628C4E52C00B62312 /* PageTag.swift in Sources */ = {isa = PBXBuildFile; fileRef = 5ACF34B328C4E52C00B62312 /* PageTag.swift */; };
		5ACF34B728C4E52C00B62312 /* PageTag.swift in Sources */ = {isa = PBXBuildFile; fileRef = 5ACF34B328C4E52C00B62312 /* PageTag.swift */; };
		5ACF34B928C4EC6D00B62312 /* TabBarView.swift in Sources */ = {isa = PBXBuildFile; fileRef = 5ACF34B828C4EC6D00B62312 /* TabBarView.swift */; };
		5ACF34BA28C4EC6D00B62312 /* TabBarView.swift in Sources */ = {isa = PBXBuildFile; fileRef = 5ACF34B828C4EC6D00B62312 /* TabBarView.swift */; };
		5ACF34BB28C4EC6D00B62312 /* TabBarView.swift in Sources */ = {isa = PBXBuildFile; fileRef = 5ACF34B828C4EC6D00B62312 /* TabBarView.swift */; };
		5ACF34BC28C4EC6D00B62312 /* TabBarView.swift in Sources */ = {isa = PBXBuildFile; fileRef = 5ACF34B828C4EC6D00B62312 /* TabBarView.swift */; };
		5ACF34C428C4F94100B62312 /* Constant.swift in Sources */ = {isa = PBXBuildFile; fileRef = 5ACF34C328C4F94100B62312 /* Constant.swift */; };
		5ACF34C528C4F94100B62312 /* Constant.swift in Sources */ = {isa = PBXBuildFile; fileRef = 5ACF34C328C4F94100B62312 /* Constant.swift */; };
		5ACF34C628C4F94100B62312 /* Constant.swift in Sources */ = {isa = PBXBuildFile; fileRef = 5ACF34C328C4F94100B62312 /* Constant.swift */; };
		5ACF34C728C4F94100B62312 /* Constant.swift in Sources */ = {isa = PBXBuildFile; fileRef = 5ACF34C328C4F94100B62312 /* Constant.swift */; };
		5ADEA68828E1ECC900970374 /* BaseView.swift in Sources */ = {isa = PBXBuildFile; fileRef = 5ADEA68728E1ECC900970374 /* BaseView.swift */; };
		5AE33F2128CF77B60085C778 /* ViewExtension.swift in Sources */ = {isa = PBXBuildFile; fileRef = 5AE33F2028CF77B60085C778 /* ViewExtension.swift */; };
		5AE33F2228CF77B60085C778 /* ViewExtension.swift in Sources */ = {isa = PBXBuildFile; fileRef = 5AE33F2028CF77B60085C778 /* ViewExtension.swift */; };
		5AE33F2328CF77B60085C778 /* ViewExtension.swift in Sources */ = {isa = PBXBuildFile; fileRef = 5AE33F2028CF77B60085C778 /* ViewExtension.swift */; };
		5AE33F2428CF77B60085C778 /* ViewExtension.swift in Sources */ = {isa = PBXBuildFile; fileRef = 5AE33F2028CF77B60085C778 /* ViewExtension.swift */; };
		5AE33F2628CF78FA0085C778 /* Task.swift in Sources */ = {isa = PBXBuildFile; fileRef = 5AE33F2528CF78FA0085C778 /* Task.swift */; };
		5AE33F2728CF78FA0085C778 /* Task.swift in Sources */ = {isa = PBXBuildFile; fileRef = 5AE33F2528CF78FA0085C778 /* Task.swift */; };
		5AE33F2828CF78FA0085C778 /* Task.swift in Sources */ = {isa = PBXBuildFile; fileRef = 5AE33F2528CF78FA0085C778 /* Task.swift */; };
		5AE33F2928CF78FA0085C778 /* Task.swift in Sources */ = {isa = PBXBuildFile; fileRef = 5AE33F2528CF78FA0085C778 /* Task.swift */; };
		5AE33F2F28CF7FCC0085C778 /* CalendarViewModel.swift in Sources */ = {isa = PBXBuildFile; fileRef = 5AE33F2E28CF7FCC0085C778 /* CalendarViewModel.swift */; };
		5AE33F3028CF7FCC0085C778 /* CalendarViewModel.swift in Sources */ = {isa = PBXBuildFile; fileRef = 5AE33F2E28CF7FCC0085C778 /* CalendarViewModel.swift */; };
		5AE33F3128CF7FCC0085C778 /* CalendarViewModel.swift in Sources */ = {isa = PBXBuildFile; fileRef = 5AE33F2E28CF7FCC0085C778 /* CalendarViewModel.swift */; };
		5AE33F3228CF7FCC0085C778 /* CalendarViewModel.swift in Sources */ = {isa = PBXBuildFile; fileRef = 5AE33F2E28CF7FCC0085C778 /* CalendarViewModel.swift */; };
		5AEC96EA28D0D8A0002348BF /* GoogleService-Info.plist in Resources */ = {isa = PBXBuildFile; fileRef = 5AEC96E928D0D8A0002348BF /* GoogleService-Info.plist */; };
		5AEC96EB28D0D8A0002348BF /* GoogleService-Info.plist in Resources */ = {isa = PBXBuildFile; fileRef = 5AEC96E928D0D8A0002348BF /* GoogleService-Info.plist */; };
/* End PBXBuildFile section */

/* Begin PBXContainerItemProxy section */
		5A8564C628BE4773006C6B22 /* PBXContainerItemProxy */ = {
			isa = PBXContainerItemProxy;
			containerPortal = 5A8564AC28BE4771006C6B22 /* Project object */;
			proxyType = 1;
			remoteGlobalIDString = 5A8564B728BE4772006C6B22;
			remoteInfo = "NoteApp (iOS)";
		};
		5A8564D228BE4773006C6B22 /* PBXContainerItemProxy */ = {
			isa = PBXContainerItemProxy;
			containerPortal = 5A8564AC28BE4771006C6B22 /* Project object */;
			proxyType = 1;
			remoteGlobalIDString = 5A8564BD28BE4773006C6B22;
			remoteInfo = "NoteApp (macOS)";
		};
/* End PBXContainerItemProxy section */

/* Begin PBXFileReference section */
		5A1E8D6128E7277600227669 /* FirebaseAuth.xcframework */ = {isa = PBXFileReference; lastKnownFileType = wrapper.xcframework; name = FirebaseAuth.xcframework; path = Carthage/Build/FirebaseAuth.xcframework; sourceTree = "<group>"; };
		5A1E8D6228E7277600227669 /* FirebaseInAppMessaging.xcframework */ = {isa = PBXFileReference; lastKnownFileType = wrapper.xcframework; name = FirebaseInAppMessaging.xcframework; path = Carthage/Build/FirebaseInAppMessaging.xcframework; sourceTree = "<group>"; };
		5A1E8D6328E7277600227669 /* FirebaseStorage.xcframework */ = {isa = PBXFileReference; lastKnownFileType = wrapper.xcframework; name = FirebaseStorage.xcframework; path = Carthage/Build/FirebaseStorage.xcframework; sourceTree = "<group>"; };
		5A1E8D6428E7277600227669 /* GoogleUtilities.xcframework */ = {isa = PBXFileReference; lastKnownFileType = wrapper.xcframework; name = GoogleUtilities.xcframework; path = Carthage/Build/GoogleUtilities.xcframework; sourceTree = "<group>"; };
		5A1E8D6528E7277600227669 /* FirebaseFunctions.xcframework */ = {isa = PBXFileReference; lastKnownFileType = wrapper.xcframework; name = FirebaseFunctions.xcframework; path = Carthage/Build/FirebaseFunctions.xcframework; sourceTree = "<group>"; };
		5A1E8D6628E7277600227669 /* FirebaseStorageInternal.xcframework */ = {isa = PBXFileReference; lastKnownFileType = wrapper.xcframework; name = FirebaseStorageInternal.xcframework; path = Carthage/Build/FirebaseStorageInternal.xcframework; sourceTree = "<group>"; };
		5A1E8D6728E7277700227669 /* BoringSSL-GRPC.xcframework */ = {isa = PBXFileReference; lastKnownFileType = wrapper.xcframework; name = "BoringSSL-GRPC.xcframework"; path = "Carthage/Build/BoringSSL-GRPC.xcframework"; sourceTree = "<group>"; };
		5A1E8D6828E7277700227669 /* FirebaseCore.xcframework */ = {isa = PBXFileReference; lastKnownFileType = wrapper.xcframework; name = FirebaseCore.xcframework; path = Carthage/Build/FirebaseCore.xcframework; sourceTree = "<group>"; };
		5A1E8D6928E7277700227669 /* nanopb.xcframework */ = {isa = PBXFileReference; lastKnownFileType = wrapper.xcframework; name = nanopb.xcframework; path = Carthage/Build/nanopb.xcframework; sourceTree = "<group>"; };
		5A1E8D6A28E7277700227669 /* FirebaseAnalytics.xcframework */ = {isa = PBXFileReference; lastKnownFileType = wrapper.xcframework; name = FirebaseAnalytics.xcframework; path = Carthage/Build/FirebaseAnalytics.xcframework; sourceTree = "<group>"; };
		5A1E8D6B28E7277700227669 /* UserMessagingPlatform.xcframework */ = {isa = PBXFileReference; lastKnownFileType = wrapper.xcframework; name = UserMessagingPlatform.xcframework; path = Carthage/Build/UserMessagingPlatform.xcframework; sourceTree = "<group>"; };
		5A1E8D6C28E7277700227669 /* FirebaseInAppMessagingSwift.xcframework */ = {isa = PBXFileReference; lastKnownFileType = wrapper.xcframework; name = FirebaseInAppMessagingSwift.xcframework; path = Carthage/Build/FirebaseInAppMessagingSwift.xcframework; sourceTree = "<group>"; };
		5A1E8D6D28E7277800227669 /* GTMSessionFetcher.xcframework */ = {isa = PBXFileReference; lastKnownFileType = wrapper.xcframework; name = GTMSessionFetcher.xcframework; path = Carthage/Build/GTMSessionFetcher.xcframework; sourceTree = "<group>"; };
		5A1E8D6E28E7277800227669 /* FirebaseRemoteConfig.xcframework */ = {isa = PBXFileReference; lastKnownFileType = wrapper.xcframework; name = FirebaseRemoteConfig.xcframework; path = Carthage/Build/FirebaseRemoteConfig.xcframework; sourceTree = "<group>"; };
		5A1E8D6F28E7277800227669 /* FirebaseCoreExtension.xcframework */ = {isa = PBXFileReference; lastKnownFileType = wrapper.xcframework; name = FirebaseCoreExtension.xcframework; path = Carthage/Build/FirebaseCoreExtension.xcframework; sourceTree = "<group>"; };
		5A1E8D7028E7277800227669 /* FirebaseCrashlytics.xcframework */ = {isa = PBXFileReference; lastKnownFileType = wrapper.xcframework; name = FirebaseCrashlytics.xcframework; path = Carthage/Build/FirebaseCrashlytics.xcframework; sourceTree = "<group>"; };
		5A1E8D7128E7277800227669 /* FirebaseAppDistribution.xcframework */ = {isa = PBXFileReference; lastKnownFileType = wrapper.xcframework; name = FirebaseAppDistribution.xcframework; path = Carthage/Build/FirebaseAppDistribution.xcframework; sourceTree = "<group>"; };
		5A1E8D7228E7277800227669 /* FirebaseAuthInterop.xcframework */ = {isa = PBXFileReference; lastKnownFileType = wrapper.xcframework; name = FirebaseAuthInterop.xcframework; path = Carthage/Build/FirebaseAuthInterop.xcframework; sourceTree = "<group>"; };
		5A1E8D7328E7277900227669 /* FirebaseDatabase.xcframework */ = {isa = PBXFileReference; lastKnownFileType = wrapper.xcframework; name = FirebaseDatabase.xcframework; path = Carthage/Build/FirebaseDatabase.xcframework; sourceTree = "<group>"; };
		5A1E8D7428E7277900227669 /* FirebaseAppCheckInterop.xcframework */ = {isa = PBXFileReference; lastKnownFileType = wrapper.xcframework; name = FirebaseAppCheckInterop.xcframework; path = Carthage/Build/FirebaseAppCheckInterop.xcframework; sourceTree = "<group>"; };
		5A1E8D7528E7277900227669 /* FirebaseAppCheck.xcframework */ = {isa = PBXFileReference; lastKnownFileType = wrapper.xcframework; name = FirebaseAppCheck.xcframework; path = Carthage/Build/FirebaseAppCheck.xcframework; sourceTree = "<group>"; };
		5A1E8D7628E7277900227669 /* FirebaseMessaging.xcframework */ = {isa = PBXFileReference; lastKnownFileType = wrapper.xcframework; name = FirebaseMessaging.xcframework; path = Carthage/Build/FirebaseMessaging.xcframework; sourceTree = "<group>"; };
		5A1E8D7728E7277900227669 /* FirebaseMLModelDownloader.xcframework */ = {isa = PBXFileReference; lastKnownFileType = wrapper.xcframework; name = FirebaseMLModelDownloader.xcframework; path = Carthage/Build/FirebaseMLModelDownloader.xcframework; sourceTree = "<group>"; };
		5A1E8D7828E7277900227669 /* gRPC-Core.xcframework */ = {isa = PBXFileReference; lastKnownFileType = wrapper.xcframework; name = "gRPC-Core.xcframework"; path = "Carthage/Build/gRPC-Core.xcframework"; sourceTree = "<group>"; };
		5A1E8D7928E7277A00227669 /* Libuv-gRPC.xcframework */ = {isa = PBXFileReference; lastKnownFileType = wrapper.xcframework; name = "Libuv-gRPC.xcframework"; path = "Carthage/Build/Libuv-gRPC.xcframework"; sourceTree = "<group>"; };
		5A1E8D7A28E7277A00227669 /* abseil.xcframework */ = {isa = PBXFileReference; lastKnownFileType = wrapper.xcframework; name = abseil.xcframework; path = Carthage/Build/abseil.xcframework; sourceTree = "<group>"; };
		5A1E8D7B28E7277A00227669 /* FirebaseMessagingInterop.xcframework */ = {isa = PBXFileReference; lastKnownFileType = wrapper.xcframework; name = FirebaseMessagingInterop.xcframework; path = Carthage/Build/FirebaseMessagingInterop.xcframework; sourceTree = "<group>"; };
		5A1E8D7C28E7277A00227669 /* GoogleDataTransport.xcframework */ = {isa = PBXFileReference; lastKnownFileType = wrapper.xcframework; name = GoogleDataTransport.xcframework; path = Carthage/Build/GoogleDataTransport.xcframework; sourceTree = "<group>"; };
		5A1E8D7D28E7277A00227669 /* GoogleAppMeasurement.xcframework */ = {isa = PBXFileReference; lastKnownFileType = wrapper.xcframework; name = GoogleAppMeasurement.xcframework; path = Carthage/Build/GoogleAppMeasurement.xcframework; sourceTree = "<group>"; };
		5A1E8D7E28E7277A00227669 /* FirebaseDatabaseSwift.xcframework */ = {isa = PBXFileReference; lastKnownFileType = wrapper.xcframework; name = FirebaseDatabaseSwift.xcframework; path = Carthage/Build/FirebaseDatabaseSwift.xcframework; sourceTree = "<group>"; };
		5A1E8D7F28E7277B00227669 /* AppAuth.xcframework */ = {isa = PBXFileReference; lastKnownFileType = wrapper.xcframework; name = AppAuth.xcframework; path = Carthage/Build/AppAuth.xcframework; sourceTree = "<group>"; };
		5A1E8D8028E7277B00227669 /* FirebaseSharedSwift.xcframework */ = {isa = PBXFileReference; lastKnownFileType = wrapper.xcframework; name = FirebaseSharedSwift.xcframework; path = Carthage/Build/FirebaseSharedSwift.xcframework; sourceTree = "<group>"; };
		5A1E8D8128E7277B00227669 /* FirebaseFirestore.xcframework */ = {isa = PBXFileReference; lastKnownFileType = wrapper.xcframework; name = FirebaseFirestore.xcframework; path = Carthage/Build/FirebaseFirestore.xcframework; sourceTree = "<group>"; };
		5A1E8D8228E7277B00227669 /* gRPC-C++.xcframework */ = {isa = PBXFileReference; lastKnownFileType = wrapper.xcframework; name = "gRPC-C++.xcframework"; path = "Carthage/Build/gRPC-C++.xcframework"; sourceTree = "<group>"; };
		5A1E8D8328E7277B00227669 /* FirebasePerformance.xcframework */ = {isa = PBXFileReference; lastKnownFileType = wrapper.xcframework; name = FirebasePerformance.xcframework; path = Carthage/Build/FirebasePerformance.xcframework; sourceTree = "<group>"; };
		5A1E8D8428E7277B00227669 /* GoogleMobileAds.xcframework */ = {isa = PBXFileReference; lastKnownFileType = wrapper.xcframework; name = GoogleMobileAds.xcframework; path = Carthage/Build/GoogleMobileAds.xcframework; sourceTree = "<group>"; };
		5A1E8D8528E7277C00227669 /* leveldb-library.xcframework */ = {isa = PBXFileReference; lastKnownFileType = wrapper.xcframework; name = "leveldb-library.xcframework"; path = "Carthage/Build/leveldb-library.xcframework"; sourceTree = "<group>"; };
		5A1E8D8628E7277C00227669 /* FirebaseAnalyticsSwift.xcframework */ = {isa = PBXFileReference; lastKnownFileType = wrapper.xcframework; name = FirebaseAnalyticsSwift.xcframework; path = Carthage/Build/FirebaseAnalyticsSwift.xcframework; sourceTree = "<group>"; };
		5A1E8D8728E7277C00227669 /* FirebaseDynamicLinks.xcframework */ = {isa = PBXFileReference; lastKnownFileType = wrapper.xcframework; name = FirebaseDynamicLinks.xcframework; path = Carthage/Build/FirebaseDynamicLinks.xcframework; sourceTree = "<group>"; };
		5A1E8D8828E7277C00227669 /* SwiftProtobuf.xcframework */ = {isa = PBXFileReference; lastKnownFileType = wrapper.xcframework; name = SwiftProtobuf.xcframework; path = Carthage/Build/SwiftProtobuf.xcframework; sourceTree = "<group>"; };
		5A1E8D8928E7277C00227669 /* FirebaseCoreDiagnostics.xcframework */ = {isa = PBXFileReference; lastKnownFileType = wrapper.xcframework; name = FirebaseCoreDiagnostics.xcframework; path = Carthage/Build/FirebaseCoreDiagnostics.xcframework; sourceTree = "<group>"; };
		5A1E8D8A28E7277C00227669 /* GTMAppAuth.xcframework */ = {isa = PBXFileReference; lastKnownFileType = wrapper.xcframework; name = GTMAppAuth.xcframework; path = Carthage/Build/GTMAppAuth.xcframework; sourceTree = "<group>"; };
		5A1E8D8B28E7277D00227669 /* FirebaseFirestoreSwift.xcframework */ = {isa = PBXFileReference; lastKnownFileType = wrapper.xcframework; name = FirebaseFirestoreSwift.xcframework; path = Carthage/Build/FirebaseFirestoreSwift.xcframework; sourceTree = "<group>"; };
		5A1E8D8C28E7277D00227669 /* FBLPromises.xcframework */ = {isa = PBXFileReference; lastKnownFileType = wrapper.xcframework; name = FBLPromises.xcframework; path = Carthage/Build/FBLPromises.xcframework; sourceTree = "<group>"; };
		5A1E8D8D28E7277D00227669 /* GoogleSignIn.xcframework */ = {isa = PBXFileReference; lastKnownFileType = wrapper.xcframework; name = GoogleSignIn.xcframework; path = Carthage/Build/GoogleSignIn.xcframework; sourceTree = "<group>"; };
		5A1E8D8E28E7277D00227669 /* GoogleAppMeasurementIdentitySupport.xcframework */ = {isa = PBXFileReference; lastKnownFileType = wrapper.xcframework; name = GoogleAppMeasurementIdentitySupport.xcframework; path = Carthage/Build/GoogleAppMeasurementIdentitySupport.xcframework; sourceTree = "<group>"; };
		5A1E8D8F28E7277D00227669 /* FirebaseABTesting.xcframework */ = {isa = PBXFileReference; lastKnownFileType = wrapper.xcframework; name = FirebaseABTesting.xcframework; path = Carthage/Build/FirebaseABTesting.xcframework; sourceTree = "<group>"; };
		5A1E8D9028E7277D00227669 /* FirebaseRemoteConfigSwift.xcframework */ = {isa = PBXFileReference; lastKnownFileType = wrapper.xcframework; name = FirebaseRemoteConfigSwift.xcframework; path = Carthage/Build/FirebaseRemoteConfigSwift.xcframework; sourceTree = "<group>"; };
		5A1E8D9128E7277D00227669 /* FirebaseInstallations.xcframework */ = {isa = PBXFileReference; lastKnownFileType = wrapper.xcframework; name = FirebaseInstallations.xcframework; path = Carthage/Build/FirebaseInstallations.xcframework; sourceTree = "<group>"; };
		5A1E8D9228E7277E00227669 /* FirebaseCoreInternal.xcframework */ = {isa = PBXFileReference; lastKnownFileType = wrapper.xcframework; name = FirebaseCoreInternal.xcframework; path = Carthage/Build/FirebaseCoreInternal.xcframework; sourceTree = "<group>"; };
		5A23635228C63BB4002B531D /* CalendarView.swift */ = {isa = PBXFileReference; lastKnownFileType = sourcecode.swift; path = CalendarView.swift; sourceTree = "<group>"; };
		5A23635828C63FFB002B531D /* DateExtension.swift */ = {isa = PBXFileReference; lastKnownFileType = sourcecode.swift; path = DateExtension.swift; sourceTree = "<group>"; };
		5A23635D28C640F4002B531D /* DateValue.swift */ = {isa = PBXFileReference; lastKnownFileType = sourcecode.swift; path = DateValue.swift; sourceTree = "<group>"; };
		5A2B4D7F28C4DCE700DBDA9E /* HomeScreen.swift */ = {isa = PBXFileReference; lastKnownFileType = sourcecode.swift; path = HomeScreen.swift; sourceTree = "<group>"; };
		5A2B4D8428C4DDDD00DBDA9E /* NoteApp--iOS--Info.plist */ = {isa = PBXFileReference; lastKnownFileType = text.plist.xml; path = "NoteApp--iOS--Info.plist"; sourceTree = "<group>"; };
		5A67B3E228DCC4BA00FC8BAE /* CreateTaskScreen.swift */ = {isa = PBXFileReference; lastKnownFileType = sourcecode.swift; path = CreateTaskScreen.swift; sourceTree = "<group>"; };
		5A78386B28E2A0BC000AE50B /* Category.swift */ = {isa = PBXFileReference; lastKnownFileType = sourcecode.swift; path = Category.swift; sourceTree = "<group>"; };
		5A78387028E2CC20000AE50B /* Router.swift */ = {isa = PBXFileReference; lastKnownFileType = sourcecode.swift; path = Router.swift; sourceTree = "<group>"; };
		5A78387528E2D898000AE50B /* NaviBar.swift */ = {isa = PBXFileReference; lastKnownFileType = sourcecode.swift; path = NaviBar.swift; sourceTree = "<group>"; };
		5A78387E28E33BE0000AE50B /* HomeViewModel.swift */ = {isa = PBXFileReference; lastKnownFileType = sourcecode.swift; path = HomeViewModel.swift; sourceTree = "<group>"; };
		5A7F874628DDDF470075AA95 /* CreateTaskViewModel.swift */ = {isa = PBXFileReference; lastKnownFileType = sourcecode.swift; path = CreateTaskViewModel.swift; sourceTree = "<group>"; };
		5A8564B128BE4771006C6B22 /* NoteApp.swift */ = {isa = PBXFileReference; lastKnownFileType = sourcecode.swift; path = NoteApp.swift; sourceTree = "<group>"; };
		5A8564B328BE4772006C6B22 /* Assets.xcassets */ = {isa = PBXFileReference; lastKnownFileType = folder.assetcatalog; path = Assets.xcassets; sourceTree = "<group>"; };
		5A8564B828BE4772006C6B22 /* NoteApp.app */ = {isa = PBXFileReference; explicitFileType = wrapper.application; includeInIndex = 0; path = NoteApp.app; sourceTree = BUILT_PRODUCTS_DIR; };
		5A8564BE28BE4773006C6B22 /* NoteApp.app */ = {isa = PBXFileReference; explicitFileType = wrapper.application; includeInIndex = 0; path = NoteApp.app; sourceTree = BUILT_PRODUCTS_DIR; };
		5A8564C028BE4773006C6B22 /* macOS.entitlements */ = {isa = PBXFileReference; lastKnownFileType = text.plist.entitlements; path = macOS.entitlements; sourceTree = "<group>"; };
		5A8564C528BE4773006C6B22 /* Tests iOS.xctest */ = {isa = PBXFileReference; explicitFileType = wrapper.cfbundle; includeInIndex = 0; path = "Tests iOS.xctest"; sourceTree = BUILT_PRODUCTS_DIR; };
		5A8564C928BE4773006C6B22 /* Tests_iOS.swift */ = {isa = PBXFileReference; lastKnownFileType = sourcecode.swift; path = Tests_iOS.swift; sourceTree = "<group>"; };
		5A8564CB28BE4773006C6B22 /* Tests_iOSLaunchTests.swift */ = {isa = PBXFileReference; lastKnownFileType = sourcecode.swift; path = Tests_iOSLaunchTests.swift; sourceTree = "<group>"; };
		5A8564D128BE4773006C6B22 /* Tests macOS.xctest */ = {isa = PBXFileReference; explicitFileType = wrapper.cfbundle; includeInIndex = 0; path = "Tests macOS.xctest"; sourceTree = BUILT_PRODUCTS_DIR; };
		5A8564D528BE4773006C6B22 /* Tests_macOS.swift */ = {isa = PBXFileReference; lastKnownFileType = sourcecode.swift; path = Tests_macOS.swift; sourceTree = "<group>"; };
		5A8564D728BE4773006C6B22 /* Tests_macOSLaunchTests.swift */ = {isa = PBXFileReference; lastKnownFileType = sourcecode.swift; path = Tests_macOSLaunchTests.swift; sourceTree = "<group>"; };
		5A901BB728E72A830058E1E8 /* Protobuf.framework */ = {isa = PBXFileReference; lastKnownFileType = wrapper.framework; name = Protobuf.framework; path = Carthage/Build/iOS/Protobuf.framework; sourceTree = "<group>"; };
		5ACB4BB828D20E7A000C1003 /* TaskRepositories.swift */ = {isa = PBXFileReference; lastKnownFileType = sourcecode.swift; path = TaskRepositories.swift; sourceTree = "<group>"; };
		5ACB4BBA28D21DB0000C1003 /* StringExtension.swift */ = {isa = PBXFileReference; lastKnownFileType = sourcecode.swift; path = StringExtension.swift; sourceTree = "<group>"; };
		5ACF349D28C4E1BD00B62312 /* CurrentTaskScreen.swift */ = {isa = PBXFileReference; lastKnownFileType = sourcecode.swift; path = CurrentTaskScreen.swift; sourceTree = "<group>"; };
		5ACF34A328C4E1E400B62312 /* CalendarScreen.swift */ = {isa = PBXFileReference; lastKnownFileType = sourcecode.swift; path = CalendarScreen.swift; sourceTree = "<group>"; };
		5ACF34A928C4E20300B62312 /* SettingScreen.swift */ = {isa = PBXFileReference; lastKnownFileType = sourcecode.swift; path = SettingScreen.swift; sourceTree = "<group>"; };
		5ACF34B328C4E52C00B62312 /* PageTag.swift */ = {isa = PBXFileReference; lastKnownFileType = sourcecode.swift; path = PageTag.swift; sourceTree = "<group>"; };
		5ACF34B828C4EC6D00B62312 /* TabBarView.swift */ = {isa = PBXFileReference; lastKnownFileType = sourcecode.swift; path = TabBarView.swift; sourceTree = "<group>"; };
		5ACF34C328C4F94100B62312 /* Constant.swift */ = {isa = PBXFileReference; lastKnownFileType = sourcecode.swift; path = Constant.swift; sourceTree = "<group>"; };
		5ADEA68728E1ECC900970374 /* BaseView.swift */ = {isa = PBXFileReference; lastKnownFileType = sourcecode.swift; path = BaseView.swift; sourceTree = "<group>"; };
		5AE33F2028CF77B60085C778 /* ViewExtension.swift */ = {isa = PBXFileReference; lastKnownFileType = sourcecode.swift; path = ViewExtension.swift; sourceTree = "<group>"; };
		5AE33F2528CF78FA0085C778 /* Task.swift */ = {isa = PBXFileReference; lastKnownFileType = sourcecode.swift; path = Task.swift; sourceTree = "<group>"; };
		5AE33F2E28CF7FCC0085C778 /* CalendarViewModel.swift */ = {isa = PBXFileReference; lastKnownFileType = sourcecode.swift; path = CalendarViewModel.swift; sourceTree = "<group>"; };
		5AEC96E928D0D8A0002348BF /* GoogleService-Info.plist */ = {isa = PBXFileReference; fileEncoding = 4; lastKnownFileType = text.plist.xml; path = "GoogleService-Info.plist"; sourceTree = "<group>"; };
/* End PBXFileReference section */

/* Begin PBXFrameworksBuildPhase section */
		5A8564B528BE4772006C6B22 /* Frameworks */ = {
			isa = PBXFrameworksBuildPhase;
			buildActionMask = 2147483647;
			files = (
				5A901C6828E730C10058E1E8 /* FirebaseAnalytics.xcframework in Frameworks */,
				5A901C5C28E730BD0058E1E8 /* FirebaseAuth.xcframework in Frameworks */,
				5A901C6628E730C00058E1E8 /* GoogleAppMeasurementIdentitySupport.xcframework in Frameworks */,
				5A901C4828E730B90058E1E8 /* FirebaseDynamicLinks.xcframework in Frameworks */,
				5A901C4428E730B80058E1E8 /* FBLPromises.xcframework in Frameworks */,
				5A901C4E28E730BA0058E1E8 /* gRPC-Core.xcframework in Frameworks */,
				5A901C4C28E730B90058E1E8 /* FirebaseCoreInternal.xcframework in Frameworks */,
				5A901C5828E730BC0058E1E8 /* leveldb-library.xcframework in Frameworks */,
				5A901C6428E730BF0058E1E8 /* GoogleAppMeasurement.xcframework in Frameworks */,
				5A901C5028E730BA0058E1E8 /* GTMSessionFetcher.xcframework in Frameworks */,
				5A901C5A28E730BC0058E1E8 /* FirebaseFirestoreSwift.xcframework in Frameworks */,
				5A901C5428E730BB0058E1E8 /* FirebaseFirestore.xcframework in Frameworks */,
				5A901C4028E730B80058E1E8 /* GoogleDataTransport.xcframework in Frameworks */,
				5A901C6228E730BF0058E1E8 /* FirebaseCrashlytics.xcframework in Frameworks */,
				5A901C3E28E730B80058E1E8 /* Libuv-gRPC.xcframework in Frameworks */,
				5A901C5E28E730BD0058E1E8 /* FirebaseAnalyticsSwift.xcframework in Frameworks */,
				5A901C3828E730B80058E1E8 /* FirebaseCoreDiagnostics.xcframework in Frameworks */,
				5A901C3C28E730B80058E1E8 /* BoringSSL-GRPC.xcframework in Frameworks */,
				5A901C5628E730BB0058E1E8 /* FirebaseInstallations.xcframework in Frameworks */,
				5A901C5228E730BB0058E1E8 /* GoogleUtilities.xcframework in Frameworks */,
				5A901C6028E730BE0058E1E8 /* FirebaseCore.xcframework in Frameworks */,
				5A901C3A28E730B80058E1E8 /* gRPC-C++.xcframework in Frameworks */,
				5A901C4228E730B80058E1E8 /* abseil.xcframework in Frameworks */,
				5A901C4628E730B90058E1E8 /* nanopb.xcframework in Frameworks */,
				5A901C4A28E730B90058E1E8 /* FirebaseMessaging.xcframework in Frameworks */,
			);
			runOnlyForDeploymentPostprocessing = 0;
		};
		5A8564BB28BE4773006C6B22 /* Frameworks */ = {
			isa = PBXFrameworksBuildPhase;
			buildActionMask = 2147483647;
			files = (
			);
			runOnlyForDeploymentPostprocessing = 0;
		};
		5A8564C228BE4773006C6B22 /* Frameworks */ = {
			isa = PBXFrameworksBuildPhase;
			buildActionMask = 2147483647;
			files = (
			);
			runOnlyForDeploymentPostprocessing = 0;
		};
		5A8564CE28BE4773006C6B22 /* Frameworks */ = {
			isa = PBXFrameworksBuildPhase;
			buildActionMask = 2147483647;
			files = (
			);
			runOnlyForDeploymentPostprocessing = 0;
		};
/* End PBXFrameworksBuildPhase section */

/* Begin PBXGroup section */
		5A1E8D6028E7277500227669 /* Frameworks */ = {
			isa = PBXGroup;
			children = (
				5A901BB728E72A830058E1E8 /* Protobuf.framework */,
				5A1E8D7A28E7277A00227669 /* abseil.xcframework */,
				5A1E8D7F28E7277B00227669 /* AppAuth.xcframework */,
				5A1E8D6728E7277700227669 /* BoringSSL-GRPC.xcframework */,
				5A1E8D8C28E7277D00227669 /* FBLPromises.xcframework */,
				5A1E8D8F28E7277D00227669 /* FirebaseABTesting.xcframework */,
				5A1E8D6A28E7277700227669 /* FirebaseAnalytics.xcframework */,
				5A1E8D8628E7277C00227669 /* FirebaseAnalyticsSwift.xcframework */,
				5A1E8D7528E7277900227669 /* FirebaseAppCheck.xcframework */,
				5A1E8D7428E7277900227669 /* FirebaseAppCheckInterop.xcframework */,
				5A1E8D7128E7277800227669 /* FirebaseAppDistribution.xcframework */,
				5A1E8D6128E7277600227669 /* FirebaseAuth.xcframework */,
				5A1E8D7228E7277800227669 /* FirebaseAuthInterop.xcframework */,
				5A1E8D6828E7277700227669 /* FirebaseCore.xcframework */,
				5A1E8D8928E7277C00227669 /* FirebaseCoreDiagnostics.xcframework */,
				5A1E8D6F28E7277800227669 /* FirebaseCoreExtension.xcframework */,
				5A1E8D9228E7277E00227669 /* FirebaseCoreInternal.xcframework */,
				5A1E8D7028E7277800227669 /* FirebaseCrashlytics.xcframework */,
				5A1E8D7328E7277900227669 /* FirebaseDatabase.xcframework */,
				5A1E8D7E28E7277A00227669 /* FirebaseDatabaseSwift.xcframework */,
				5A1E8D8728E7277C00227669 /* FirebaseDynamicLinks.xcframework */,
				5A1E8D8128E7277B00227669 /* FirebaseFirestore.xcframework */,
				5A1E8D8B28E7277D00227669 /* FirebaseFirestoreSwift.xcframework */,
				5A1E8D6528E7277600227669 /* FirebaseFunctions.xcframework */,
				5A1E8D6228E7277600227669 /* FirebaseInAppMessaging.xcframework */,
				5A1E8D6C28E7277700227669 /* FirebaseInAppMessagingSwift.xcframework */,
				5A1E8D9128E7277D00227669 /* FirebaseInstallations.xcframework */,
				5A1E8D7628E7277900227669 /* FirebaseMessaging.xcframework */,
				5A1E8D7B28E7277A00227669 /* FirebaseMessagingInterop.xcframework */,
				5A1E8D7728E7277900227669 /* FirebaseMLModelDownloader.xcframework */,
				5A1E8D8328E7277B00227669 /* FirebasePerformance.xcframework */,
				5A1E8D6E28E7277800227669 /* FirebaseRemoteConfig.xcframework */,
				5A1E8D9028E7277D00227669 /* FirebaseRemoteConfigSwift.xcframework */,
				5A1E8D8028E7277B00227669 /* FirebaseSharedSwift.xcframework */,
				5A1E8D6328E7277600227669 /* FirebaseStorage.xcframework */,
				5A1E8D6628E7277600227669 /* FirebaseStorageInternal.xcframework */,
				5A1E8D7D28E7277A00227669 /* GoogleAppMeasurement.xcframework */,
				5A1E8D8E28E7277D00227669 /* GoogleAppMeasurementIdentitySupport.xcframework */,
				5A1E8D7C28E7277A00227669 /* GoogleDataTransport.xcframework */,
				5A1E8D8428E7277B00227669 /* GoogleMobileAds.xcframework */,
				5A1E8D8D28E7277D00227669 /* GoogleSignIn.xcframework */,
				5A1E8D6428E7277600227669 /* GoogleUtilities.xcframework */,
				5A1E8D8228E7277B00227669 /* gRPC-C++.xcframework */,
				5A1E8D7828E7277900227669 /* gRPC-Core.xcframework */,
				5A1E8D8A28E7277C00227669 /* GTMAppAuth.xcframework */,
				5A1E8D6D28E7277800227669 /* GTMSessionFetcher.xcframework */,
				5A1E8D8528E7277C00227669 /* leveldb-library.xcframework */,
				5A1E8D7928E7277A00227669 /* Libuv-gRPC.xcframework */,
				5A1E8D6928E7277700227669 /* nanopb.xcframework */,
				5A1E8D8828E7277C00227669 /* SwiftProtobuf.xcframework */,
				5A1E8D6B28E7277700227669 /* UserMessagingPlatform.xcframework */,
			);
			name = Frameworks;
			sourceTree = "<group>";
		};
		5A23635728C63FDD002B531D /* Extensions */ = {
			isa = PBXGroup;
			children = (
				5A23635828C63FFB002B531D /* DateExtension.swift */,
				5AE33F2028CF77B60085C778 /* ViewExtension.swift */,
				5ACB4BBA28D21DB0000C1003 /* StringExtension.swift */,
			);
			path = Extensions;
			sourceTree = "<group>";
		};
		5A2B4D7A28C4DB4400DBDA9E /* Views */ = {
			isa = PBXGroup;
			children = (
				5A67B3E128DCC49000FC8BAE /* CreateTaskScreen */,
				5ACF34A828C4E1F100B62312 /* SettingScreen */,
				5ACF34A228C4E1C500B62312 /* CalendarScreen */,
				5ACF349C28C4E19600B62312 /* CurrentTaskScreen */,
				5A2B4D7E28C4DCBB00DBDA9E /* HomeScreen */,
			);
			path = Views;
			sourceTree = "<group>";
		};
		5A2B4D7B28C4DB4D00DBDA9E /* ViewModels */ = {
			isa = PBXGroup;
			children = (
				5AE33F2E28CF7FCC0085C778 /* CalendarViewModel.swift */,
				5A7F874628DDDF470075AA95 /* CreateTaskViewModel.swift */,
				5A78387E28E33BE0000AE50B /* HomeViewModel.swift */,
			);
			path = ViewModels;
			sourceTree = "<group>";
		};
		5A2B4D7C28C4DB5700DBDA9E /* Models */ = {
			isa = PBXGroup;
			children = (
				5ACF34B328C4E52C00B62312 /* PageTag.swift */,
				5A23635D28C640F4002B531D /* DateValue.swift */,
				5AE33F2528CF78FA0085C778 /* Task.swift */,
				5A78386B28E2A0BC000AE50B /* Category.swift */,
				5A78387028E2CC20000AE50B /* Router.swift */,
			);
			path = Models;
			sourceTree = "<group>";
		};
		5A2B4D7D28C4DB9600DBDA9E /* Services */ = {
			isa = PBXGroup;
			children = (
			);
			path = Services;
			sourceTree = "<group>";
		};
		5A2B4D7E28C4DCBB00DBDA9E /* HomeScreen */ = {
			isa = PBXGroup;
			children = (
				5A2B4D7F28C4DCE700DBDA9E /* HomeScreen.swift */,
				5ACF34B828C4EC6D00B62312 /* TabBarView.swift */,
			);
			path = HomeScreen;
			sourceTree = "<group>";
		};
		5A67B3E128DCC49000FC8BAE /* CreateTaskScreen */ = {
			isa = PBXGroup;
			children = (
				5A67B3E228DCC4BA00FC8BAE /* CreateTaskScreen.swift */,
			);
			path = CreateTaskScreen;
			sourceTree = "<group>";
		};
		5A8564AB28BE4771006C6B22 = {
			isa = PBXGroup;
			children = (
				5A2B4D8428C4DDDD00DBDA9E /* NoteApp--iOS--Info.plist */,
				5A8564B028BE4771006C6B22 /* Shared */,
				5A8564BF28BE4773006C6B22 /* macOS */,
				5A8564C828BE4773006C6B22 /* Tests iOS */,
				5A8564D428BE4773006C6B22 /* Tests macOS */,
				5A8564B928BE4772006C6B22 /* Products */,
				5A1E8D6028E7277500227669 /* Frameworks */,
			);
			sourceTree = "<group>";
		};
		5A8564B028BE4771006C6B22 /* Shared */ = {
			isa = PBXGroup;
			children = (
				5ACB4BB728D20E4F000C1003 /* Repositories */,
				5ACF34C128C4F92100B62312 /* Common */,
				5A2B4D7D28C4DB9600DBDA9E /* Services */,
				5A2B4D7C28C4DB5700DBDA9E /* Models */,
				5A2B4D7B28C4DB4D00DBDA9E /* ViewModels */,
				5A2B4D7A28C4DB4400DBDA9E /* Views */,
				5A8564B128BE4771006C6B22 /* NoteApp.swift */,
				5A8564B328BE4772006C6B22 /* Assets.xcassets */,
				5AEC96E928D0D8A0002348BF /* GoogleService-Info.plist */,
			);
			path = Shared;
			sourceTree = "<group>";
		};
		5A8564B928BE4772006C6B22 /* Products */ = {
			isa = PBXGroup;
			children = (
				5A8564B828BE4772006C6B22 /* NoteApp.app */,
				5A8564BE28BE4773006C6B22 /* NoteApp.app */,
				5A8564C528BE4773006C6B22 /* Tests iOS.xctest */,
				5A8564D128BE4773006C6B22 /* Tests macOS.xctest */,
			);
			name = Products;
			sourceTree = "<group>";
		};
		5A8564BF28BE4773006C6B22 /* macOS */ = {
			isa = PBXGroup;
			children = (
				5A8564C028BE4773006C6B22 /* macOS.entitlements */,
			);
			path = macOS;
			sourceTree = "<group>";
		};
		5A8564C828BE4773006C6B22 /* Tests iOS */ = {
			isa = PBXGroup;
			children = (
				5A8564C928BE4773006C6B22 /* Tests_iOS.swift */,
				5A8564CB28BE4773006C6B22 /* Tests_iOSLaunchTests.swift */,
			);
			path = "Tests iOS";
			sourceTree = "<group>";
		};
		5A8564D428BE4773006C6B22 /* Tests macOS */ = {
			isa = PBXGroup;
			children = (
				5A8564D528BE4773006C6B22 /* Tests_macOS.swift */,
				5A8564D728BE4773006C6B22 /* Tests_macOSLaunchTests.swift */,
			);
			path = "Tests macOS";
			sourceTree = "<group>";
		};
		5ACB4BB728D20E4F000C1003 /* Repositories */ = {
			isa = PBXGroup;
			children = (
				5ACB4BB828D20E7A000C1003 /* TaskRepositories.swift */,
			);
			path = Repositories;
			sourceTree = "<group>";
		};
		5ACF349C28C4E19600B62312 /* CurrentTaskScreen */ = {
			isa = PBXGroup;
			children = (
				5ACF349D28C4E1BD00B62312 /* CurrentTaskScreen.swift */,
			);
			path = CurrentTaskScreen;
			sourceTree = "<group>";
		};
		5ACF34A228C4E1C500B62312 /* CalendarScreen */ = {
			isa = PBXGroup;
			children = (
				5ACF34A328C4E1E400B62312 /* CalendarScreen.swift */,
				5A23635228C63BB4002B531D /* CalendarView.swift */,
			);
			path = CalendarScreen;
			sourceTree = "<group>";
		};
		5ACF34A828C4E1F100B62312 /* SettingScreen */ = {
			isa = PBXGroup;
			children = (
				5ACF34A928C4E20300B62312 /* SettingScreen.swift */,
			);
			path = SettingScreen;
			sourceTree = "<group>";
		};
		5ACF34C128C4F92100B62312 /* Common */ = {
			isa = PBXGroup;
			children = (
				5ADEA68628E1ECB800970374 /* Views */,
				5A23635728C63FDD002B531D /* Extensions */,
				5ACF34C228C4F92800B62312 /* Constant */,
			);
			path = Common;
			sourceTree = "<group>";
		};
		5ACF34C228C4F92800B62312 /* Constant */ = {
			isa = PBXGroup;
			children = (
				5ACF34C328C4F94100B62312 /* Constant.swift */,
			);
			path = Constant;
			sourceTree = "<group>";
		};
		5ADEA68628E1ECB800970374 /* Views */ = {
			isa = PBXGroup;
			children = (
				5ADEA68728E1ECC900970374 /* BaseView.swift */,
				5A78387528E2D898000AE50B /* NaviBar.swift */,
			);
			path = Views;
			sourceTree = "<group>";
		};
/* End PBXGroup section */

/* Begin PBXNativeTarget section */
		5A8564B728BE4772006C6B22 /* NoteApp (iOS) */ = {
			isa = PBXNativeTarget;
			buildConfigurationList = 5A8564E128BE4773006C6B22 /* Build configuration list for PBXNativeTarget "NoteApp (iOS)" */;
			buildPhases = (
				5A8564B428BE4772006C6B22 /* Sources */,
				5A8564B528BE4772006C6B22 /* Frameworks */,
				5A8564B628BE4772006C6B22 /* Resources */,
				5A8564F428BE4A06006C6B22 /* Run Swiftlint */,
			);
			buildRules = (
			);
			dependencies = (
			);
			name = "NoteApp (iOS)";
			packageProductDependencies = (
			);
			productName = "NoteApp (iOS)";
			productReference = 5A8564B828BE4772006C6B22 /* NoteApp.app */;
			productType = "com.apple.product-type.application";
		};
		5A8564BD28BE4773006C6B22 /* NoteApp (macOS) */ = {
			isa = PBXNativeTarget;
			buildConfigurationList = 5A8564E428BE4773006C6B22 /* Build configuration list for PBXNativeTarget "NoteApp (macOS)" */;
			buildPhases = (
				5A8564BA28BE4773006C6B22 /* Sources */,
				5A8564BB28BE4773006C6B22 /* Frameworks */,
				5A8564BC28BE4773006C6B22 /* Resources */,
			);
			buildRules = (
			);
			dependencies = (
			);
			name = "NoteApp (macOS)";
			productName = "NoteApp (macOS)";
			productReference = 5A8564BE28BE4773006C6B22 /* NoteApp.app */;
			productType = "com.apple.product-type.application";
		};
		5A8564C428BE4773006C6B22 /* Tests iOS */ = {
			isa = PBXNativeTarget;
			buildConfigurationList = 5A8564E728BE4773006C6B22 /* Build configuration list for PBXNativeTarget "Tests iOS" */;
			buildPhases = (
				5A8564C128BE4773006C6B22 /* Sources */,
				5A8564C228BE4773006C6B22 /* Frameworks */,
				5A8564C328BE4773006C6B22 /* Resources */,
			);
			buildRules = (
			);
			dependencies = (
				5A8564C728BE4773006C6B22 /* PBXTargetDependency */,
			);
			name = "Tests iOS";
			productName = "Tests iOS";
			productReference = 5A8564C528BE4773006C6B22 /* Tests iOS.xctest */;
			productType = "com.apple.product-type.bundle.ui-testing";
		};
		5A8564D028BE4773006C6B22 /* Tests macOS */ = {
			isa = PBXNativeTarget;
			buildConfigurationList = 5A8564EA28BE4773006C6B22 /* Build configuration list for PBXNativeTarget "Tests macOS" */;
			buildPhases = (
				5A8564CD28BE4773006C6B22 /* Sources */,
				5A8564CE28BE4773006C6B22 /* Frameworks */,
				5A8564CF28BE4773006C6B22 /* Resources */,
			);
			buildRules = (
			);
			dependencies = (
				5A8564D328BE4773006C6B22 /* PBXTargetDependency */,
			);
			name = "Tests macOS";
			productName = "Tests macOS";
			productReference = 5A8564D128BE4773006C6B22 /* Tests macOS.xctest */;
			productType = "com.apple.product-type.bundle.ui-testing";
		};
/* End PBXNativeTarget section */

/* Begin PBXProject section */
		5A8564AC28BE4771006C6B22 /* Project object */ = {
			isa = PBXProject;
			attributes = {
				BuildIndependentTargetsInParallel = 1;
				LastSwiftUpdateCheck = 1320;
				LastUpgradeCheck = 1320;
				TargetAttributes = {
					5A8564B728BE4772006C6B22 = {
						CreatedOnToolsVersion = 13.2.1;
					};
					5A8564BD28BE4773006C6B22 = {
						CreatedOnToolsVersion = 13.2.1;
					};
					5A8564C428BE4773006C6B22 = {
						CreatedOnToolsVersion = 13.2.1;
						TestTargetID = 5A8564B728BE4772006C6B22;
					};
					5A8564D028BE4773006C6B22 = {
						CreatedOnToolsVersion = 13.2.1;
						TestTargetID = 5A8564BD28BE4773006C6B22;
					};
				};
			};
			buildConfigurationList = 5A8564AF28BE4771006C6B22 /* Build configuration list for PBXProject "NoteApp" */;
			compatibilityVersion = "Xcode 13.0";
			developmentRegion = en;
			hasScannedForEncodings = 0;
			knownRegions = (
				en,
				Base,
			);
			mainGroup = 5A8564AB28BE4771006C6B22;
			packageReferences = (
			);
			productRefGroup = 5A8564B928BE4772006C6B22 /* Products */;
			projectDirPath = "";
			projectRoot = "";
			targets = (
				5A8564B728BE4772006C6B22 /* NoteApp (iOS) */,
				5A8564BD28BE4773006C6B22 /* NoteApp (macOS) */,
				5A8564C428BE4773006C6B22 /* Tests iOS */,
				5A8564D028BE4773006C6B22 /* Tests macOS */,
			);
		};
/* End PBXProject section */

/* Begin PBXResourcesBuildPhase section */
		5A8564B628BE4772006C6B22 /* Resources */ = {
			isa = PBXResourcesBuildPhase;
			buildActionMask = 2147483647;
			files = (
				5A8564DD28BE4773006C6B22 /* Assets.xcassets in Resources */,
				5AEC96EA28D0D8A0002348BF /* GoogleService-Info.plist in Resources */,
			);
			runOnlyForDeploymentPostprocessing = 0;
		};
		5A8564BC28BE4773006C6B22 /* Resources */ = {
			isa = PBXResourcesBuildPhase;
			buildActionMask = 2147483647;
			files = (
				5A8564DE28BE4773006C6B22 /* Assets.xcassets in Resources */,
				5AEC96EB28D0D8A0002348BF /* GoogleService-Info.plist in Resources */,
			);
			runOnlyForDeploymentPostprocessing = 0;
		};
		5A8564C328BE4773006C6B22 /* Resources */ = {
			isa = PBXResourcesBuildPhase;
			buildActionMask = 2147483647;
			files = (
			);
			runOnlyForDeploymentPostprocessing = 0;
		};
		5A8564CF28BE4773006C6B22 /* Resources */ = {
			isa = PBXResourcesBuildPhase;
			buildActionMask = 2147483647;
			files = (
			);
			runOnlyForDeploymentPostprocessing = 0;
		};
/* End PBXResourcesBuildPhase section */

/* Begin PBXShellScriptBuildPhase section */
		5A8564F428BE4A06006C6B22 /* Run Swiftlint */ = {
			isa = PBXShellScriptBuildPhase;
			alwaysOutOfDate = 1;
			buildActionMask = 2147483647;
			files = (
			);
			inputFileListPaths = (
			);
			inputPaths = (
			);
			name = "Run Swiftlint";
			outputFileListPaths = (
			);
			outputPaths = (
			);
			runOnlyForDeploymentPostprocessing = 0;
			shellPath = /bin/sh;
			shellScript = "export PATH=\"$PATH:/opt/homebrew/bin\"\nif which swiftlint > /dev/null; then\n  swiftlint\nelse\n  echo \"warning: SwiftLint not installed, download from https://github.com/realm/SwiftLint\"\nfi\n";
		};
/* End PBXShellScriptBuildPhase section */

/* Begin PBXSourcesBuildPhase section */
		5A8564B428BE4772006C6B22 /* Sources */ = {
			isa = PBXSourcesBuildPhase;
			buildActionMask = 2147483647;
			files = (
				5ACF34AA28C4E20300B62312 /* SettingScreen.swift in Sources */,
				5A23635928C63FFB002B531D /* DateExtension.swift in Sources */,
				5A23635E28C640F4002B531D /* DateValue.swift in Sources */,
				5A7F874728DDDF470075AA95 /* CreateTaskViewModel.swift in Sources */,
				5A8564D928BE4773006C6B22 /* NoteApp.swift in Sources */,
				5A78387F28E33BE0000AE50B /* HomeViewModel.swift in Sources */,
				5ACF34B928C4EC6D00B62312 /* TabBarView.swift in Sources */,
				5A67B3E328DCC4BA00FC8BAE /* CreateTaskScreen.swift in Sources */,
				5ACF34C428C4F94100B62312 /* Constant.swift in Sources */,
				5AE33F2F28CF7FCC0085C778 /* CalendarViewModel.swift in Sources */,
				5AE33F2128CF77B60085C778 /* ViewExtension.swift in Sources */,
				5A78387128E2CC20000AE50B /* Router.swift in Sources */,
				5ACF34B428C4E52C00B62312 /* PageTag.swift in Sources */,
				5A78386C28E2A0BC000AE50B /* Category.swift in Sources */,
				5A78387628E2D898000AE50B /* NaviBar.swift in Sources */,
				5AE33F2628CF78FA0085C778 /* Task.swift in Sources */,
				5A23635328C63BB4002B531D /* CalendarView.swift in Sources */,
				5ACF34A428C4E1E400B62312 /* CalendarScreen.swift in Sources */,
				5ACF349E28C4E1BD00B62312 /* CurrentTaskScreen.swift in Sources */,
				5ACB4BB928D20E7A000C1003 /* TaskRepositories.swift in Sources */,
				5ADEA68828E1ECC900970374 /* BaseView.swift in Sources */,
				5ACB4BBB28D21DB0000C1003 /* StringExtension.swift in Sources */,
				5A2B4D8028C4DCE700DBDA9E /* HomeScreen.swift in Sources */,
			);
			runOnlyForDeploymentPostprocessing = 0;
		};
		5A8564BA28BE4773006C6B22 /* Sources */ = {
			isa = PBXSourcesBuildPhase;
			buildActionMask = 2147483647;
			files = (
				5A78388028E33BE0000AE50B /* HomeViewModel.swift in Sources */,
				5ACF34AB28C4E20300B62312 /* SettingScreen.swift in Sources */,
				5A23635A28C63FFB002B531D /* DateExtension.swift in Sources */,
				5A23635F28C640F4002B531D /* DateValue.swift in Sources */,
				5A8564DA28BE4773006C6B22 /* NoteApp.swift in Sources */,
				5ACF34BA28C4EC6D00B62312 /* TabBarView.swift in Sources */,
				5ACF34C528C4F94100B62312 /* Constant.swift in Sources */,
				5A7F874828DDDF470075AA95 /* CreateTaskViewModel.swift in Sources */,
				5A78386D28E2A0BC000AE50B /* Category.swift in Sources */,
				5AE33F3028CF7FCC0085C778 /* CalendarViewModel.swift in Sources */,
				5AE33F2228CF77B60085C778 /* ViewExtension.swift in Sources */,
				5A78387228E2CC20000AE50B /* Router.swift in Sources */,
				5ACF34B528C4E52C00B62312 /* PageTag.swift in Sources */,
				5AE33F2728CF78FA0085C778 /* Task.swift in Sources */,
				5A23635428C63BB4002B531D /* CalendarView.swift in Sources */,
				5ACF34A528C4E1E400B62312 /* CalendarScreen.swift in Sources */,
				5A78387728E2D898000AE50B /* NaviBar.swift in Sources */,
				5ACF349F28C4E1BD00B62312 /* CurrentTaskScreen.swift in Sources */,
				5A2B4D8128C4DCE700DBDA9E /* HomeScreen.swift in Sources */,
			);
			runOnlyForDeploymentPostprocessing = 0;
		};
		5A8564C128BE4773006C6B22 /* Sources */ = {
			isa = PBXSourcesBuildPhase;
			buildActionMask = 2147483647;
			files = (
				5A23635528C63BB4002B531D /* CalendarView.swift in Sources */,
				5ACF34AC28C4E20300B62312 /* SettingScreen.swift in Sources */,
				5ACF34B628C4E52C00B62312 /* PageTag.swift in Sources */,
				5A78388128E33BE0000AE50B /* HomeViewModel.swift in Sources */,
				5ACF34C628C4F94100B62312 /* Constant.swift in Sources */,
				5A78387328E2CC20000AE50B /* Router.swift in Sources */,
				5ACF34BB28C4EC6D00B62312 /* TabBarView.swift in Sources */,
				5ACF34A028C4E1BD00B62312 /* CurrentTaskScreen.swift in Sources */,
				5A23635B28C63FFB002B531D /* DateExtension.swift in Sources */,
				5A7F874928DDDF470075AA95 /* CreateTaskViewModel.swift in Sources */,
				5A8564CC28BE4773006C6B22 /* Tests_iOSLaunchTests.swift in Sources */,
				5ACF34A628C4E1E400B62312 /* CalendarScreen.swift in Sources */,
				5AE33F3128CF7FCC0085C778 /* CalendarViewModel.swift in Sources */,
				5A78386E28E2A0BC000AE50B /* Category.swift in Sources */,
				5A23636028C640F4002B531D /* DateValue.swift in Sources */,
				5A8564CA28BE4773006C6B22 /* Tests_iOS.swift in Sources */,
				5A2B4D8228C4DCE800DBDA9E /* HomeScreen.swift in Sources */,
				5A78387828E2D898000AE50B /* NaviBar.swift in Sources */,
				5AE33F2828CF78FA0085C778 /* Task.swift in Sources */,
				5AE33F2328CF77B60085C778 /* ViewExtension.swift in Sources */,
			);
			runOnlyForDeploymentPostprocessing = 0;
		};
		5A8564CD28BE4773006C6B22 /* Sources */ = {
			isa = PBXSourcesBuildPhase;
			buildActionMask = 2147483647;
			files = (
				5A23635628C63BB4002B531D /* CalendarView.swift in Sources */,
				5ACF34AD28C4E20300B62312 /* SettingScreen.swift in Sources */,
				5ACF34B728C4E52C00B62312 /* PageTag.swift in Sources */,
				5A78388228E33BE0000AE50B /* HomeViewModel.swift in Sources */,
				5ACF34C728C4F94100B62312 /* Constant.swift in Sources */,
				5A78387428E2CC20000AE50B /* Router.swift in Sources */,
				5ACF34BC28C4EC6D00B62312 /* TabBarView.swift in Sources */,
				5ACF34A128C4E1BD00B62312 /* CurrentTaskScreen.swift in Sources */,
				5A23635C28C63FFB002B531D /* DateExtension.swift in Sources */,
				5A7F874A28DDDF470075AA95 /* CreateTaskViewModel.swift in Sources */,
				5A8564D828BE4773006C6B22 /* Tests_macOSLaunchTests.swift in Sources */,
				5ACF34A728C4E1E400B62312 /* CalendarScreen.swift in Sources */,
				5AE33F3228CF7FCC0085C778 /* CalendarViewModel.swift in Sources */,
				5A78386F28E2A0BC000AE50B /* Category.swift in Sources */,
				5A23636128C640F4002B531D /* DateValue.swift in Sources */,
				5A8564D628BE4773006C6B22 /* Tests_macOS.swift in Sources */,
				5A2B4D8328C4DCE800DBDA9E /* HomeScreen.swift in Sources */,
				5A78387928E2D898000AE50B /* NaviBar.swift in Sources */,
				5AE33F2928CF78FA0085C778 /* Task.swift in Sources */,
				5AE33F2428CF77B60085C778 /* ViewExtension.swift in Sources */,
			);
			runOnlyForDeploymentPostprocessing = 0;
		};
/* End PBXSourcesBuildPhase section */

/* Begin PBXTargetDependency section */
		5A8564C728BE4773006C6B22 /* PBXTargetDependency */ = {
			isa = PBXTargetDependency;
			target = 5A8564B728BE4772006C6B22 /* NoteApp (iOS) */;
			targetProxy = 5A8564C628BE4773006C6B22 /* PBXContainerItemProxy */;
		};
		5A8564D328BE4773006C6B22 /* PBXTargetDependency */ = {
			isa = PBXTargetDependency;
			target = 5A8564BD28BE4773006C6B22 /* NoteApp (macOS) */;
			targetProxy = 5A8564D228BE4773006C6B22 /* PBXContainerItemProxy */;
		};
/* End PBXTargetDependency section */

/* Begin XCBuildConfiguration section */
		5A8564DF28BE4773006C6B22 /* Debug */ = {
			isa = XCBuildConfiguration;
			buildSettings = {
				ALWAYS_SEARCH_USER_PATHS = NO;
				CLANG_ANALYZER_NONNULL = YES;
				CLANG_ANALYZER_NUMBER_OBJECT_CONVERSION = YES_AGGRESSIVE;
				CLANG_CXX_LANGUAGE_STANDARD = "gnu++17";
				CLANG_CXX_LIBRARY = "libc++";
				CLANG_ENABLE_MODULES = YES;
				CLANG_ENABLE_OBJC_ARC = YES;
				CLANG_ENABLE_OBJC_WEAK = YES;
				CLANG_WARN_BLOCK_CAPTURE_AUTORELEASING = YES;
				CLANG_WARN_BOOL_CONVERSION = YES;
				CLANG_WARN_COMMA = YES;
				CLANG_WARN_CONSTANT_CONVERSION = YES;
				CLANG_WARN_DEPRECATED_OBJC_IMPLEMENTATIONS = YES;
				CLANG_WARN_DIRECT_OBJC_ISA_USAGE = YES_ERROR;
				CLANG_WARN_DOCUMENTATION_COMMENTS = YES;
				CLANG_WARN_EMPTY_BODY = YES;
				CLANG_WARN_ENUM_CONVERSION = YES;
				CLANG_WARN_INFINITE_RECURSION = YES;
				CLANG_WARN_INT_CONVERSION = YES;
				CLANG_WARN_NON_LITERAL_NULL_CONVERSION = YES;
				CLANG_WARN_OBJC_IMPLICIT_RETAIN_SELF = YES;
				CLANG_WARN_OBJC_LITERAL_CONVERSION = YES;
				CLANG_WARN_OBJC_ROOT_CLASS = YES_ERROR;
				CLANG_WARN_QUOTED_INCLUDE_IN_FRAMEWORK_HEADER = YES;
				CLANG_WARN_RANGE_LOOP_ANALYSIS = YES;
				CLANG_WARN_STRICT_PROTOTYPES = YES;
				CLANG_WARN_SUSPICIOUS_MOVE = YES;
				CLANG_WARN_UNGUARDED_AVAILABILITY = YES_AGGRESSIVE;
				CLANG_WARN_UNREACHABLE_CODE = YES;
				CLANG_WARN__DUPLICATE_METHOD_MATCH = YES;
				COPY_PHASE_STRIP = NO;
				DEBUG_INFORMATION_FORMAT = dwarf;
				ENABLE_STRICT_OBJC_MSGSEND = YES;
				ENABLE_TESTABILITY = YES;
				GCC_C_LANGUAGE_STANDARD = gnu11;
				GCC_DYNAMIC_NO_PIC = NO;
				GCC_NO_COMMON_BLOCKS = YES;
				GCC_OPTIMIZATION_LEVEL = 0;
				GCC_PREPROCESSOR_DEFINITIONS = (
					"DEBUG=1",
					"$(inherited)",
				);
				GCC_WARN_64_TO_32_BIT_CONVERSION = YES;
				GCC_WARN_ABOUT_RETURN_TYPE = YES_ERROR;
				GCC_WARN_UNDECLARED_SELECTOR = YES;
				GCC_WARN_UNINITIALIZED_AUTOS = YES_AGGRESSIVE;
				GCC_WARN_UNUSED_FUNCTION = YES;
				GCC_WARN_UNUSED_VARIABLE = YES;
				MTL_ENABLE_DEBUG_INFO = INCLUDE_SOURCE;
				MTL_FAST_MATH = YES;
				ONLY_ACTIVE_ARCH = YES;
				SWIFT_ACTIVE_COMPILATION_CONDITIONS = DEBUG;
				SWIFT_OPTIMIZATION_LEVEL = "-Onone";
			};
			name = Debug;
		};
		5A8564E028BE4773006C6B22 /* Release */ = {
			isa = XCBuildConfiguration;
			buildSettings = {
				ALWAYS_SEARCH_USER_PATHS = NO;
				CLANG_ANALYZER_NONNULL = YES;
				CLANG_ANALYZER_NUMBER_OBJECT_CONVERSION = YES_AGGRESSIVE;
				CLANG_CXX_LANGUAGE_STANDARD = "gnu++17";
				CLANG_CXX_LIBRARY = "libc++";
				CLANG_ENABLE_MODULES = YES;
				CLANG_ENABLE_OBJC_ARC = YES;
				CLANG_ENABLE_OBJC_WEAK = YES;
				CLANG_WARN_BLOCK_CAPTURE_AUTORELEASING = YES;
				CLANG_WARN_BOOL_CONVERSION = YES;
				CLANG_WARN_COMMA = YES;
				CLANG_WARN_CONSTANT_CONVERSION = YES;
				CLANG_WARN_DEPRECATED_OBJC_IMPLEMENTATIONS = YES;
				CLANG_WARN_DIRECT_OBJC_ISA_USAGE = YES_ERROR;
				CLANG_WARN_DOCUMENTATION_COMMENTS = YES;
				CLANG_WARN_EMPTY_BODY = YES;
				CLANG_WARN_ENUM_CONVERSION = YES;
				CLANG_WARN_INFINITE_RECURSION = YES;
				CLANG_WARN_INT_CONVERSION = YES;
				CLANG_WARN_NON_LITERAL_NULL_CONVERSION = YES;
				CLANG_WARN_OBJC_IMPLICIT_RETAIN_SELF = YES;
				CLANG_WARN_OBJC_LITERAL_CONVERSION = YES;
				CLANG_WARN_OBJC_ROOT_CLASS = YES_ERROR;
				CLANG_WARN_QUOTED_INCLUDE_IN_FRAMEWORK_HEADER = YES;
				CLANG_WARN_RANGE_LOOP_ANALYSIS = YES;
				CLANG_WARN_STRICT_PROTOTYPES = YES;
				CLANG_WARN_SUSPICIOUS_MOVE = YES;
				CLANG_WARN_UNGUARDED_AVAILABILITY = YES_AGGRESSIVE;
				CLANG_WARN_UNREACHABLE_CODE = YES;
				CLANG_WARN__DUPLICATE_METHOD_MATCH = YES;
				COPY_PHASE_STRIP = NO;
				DEBUG_INFORMATION_FORMAT = "dwarf-with-dsym";
				ENABLE_NS_ASSERTIONS = NO;
				ENABLE_STRICT_OBJC_MSGSEND = YES;
				GCC_C_LANGUAGE_STANDARD = gnu11;
				GCC_NO_COMMON_BLOCKS = YES;
				GCC_WARN_64_TO_32_BIT_CONVERSION = YES;
				GCC_WARN_ABOUT_RETURN_TYPE = YES_ERROR;
				GCC_WARN_UNDECLARED_SELECTOR = YES;
				GCC_WARN_UNINITIALIZED_AUTOS = YES_AGGRESSIVE;
				GCC_WARN_UNUSED_FUNCTION = YES;
				GCC_WARN_UNUSED_VARIABLE = YES;
				MTL_ENABLE_DEBUG_INFO = NO;
				MTL_FAST_MATH = YES;
				SWIFT_COMPILATION_MODE = wholemodule;
				SWIFT_OPTIMIZATION_LEVEL = "-O";
			};
			name = Release;
		};
		5A8564E228BE4773006C6B22 /* Debug */ = {
			isa = XCBuildConfiguration;
			buildSettings = {
				ASSETCATALOG_COMPILER_APPICON_NAME = AppIcon;
				ASSETCATALOG_COMPILER_GLOBAL_ACCENT_COLOR_NAME = AccentColor;
				CODE_SIGN_STYLE = Automatic;
				CURRENT_PROJECT_VERSION = 1;
				DEVELOPMENT_ASSET_PATHS = "";
				DEVELOPMENT_TEAM = BP2GHWM7V6;
				ENABLE_PREVIEWS = YES;
				FRAMEWORK_SEARCH_PATHS = (
					"$(inherited)",
					"$(PROJECT_DIR)/Carthage/Build/iOS",
				);
				GENERATE_INFOPLIST_FILE = YES;
				INFOPLIST_FILE = "NoteApp--iOS--Info.plist";
				INFOPLIST_KEY_UIApplicationSceneManifest_Generation = YES;
				INFOPLIST_KEY_UIApplicationSupportsIndirectInputEvents = YES;
				INFOPLIST_KEY_UILaunchScreen_Generation = YES;
				INFOPLIST_KEY_UISupportedInterfaceOrientations_iPad = "UIInterfaceOrientationPortrait UIInterfaceOrientationPortraitUpsideDown UIInterfaceOrientationLandscapeLeft UIInterfaceOrientationLandscapeRight";
				INFOPLIST_KEY_UISupportedInterfaceOrientations_iPhone = "UIInterfaceOrientationPortrait UIInterfaceOrientationLandscapeLeft UIInterfaceOrientationLandscapeRight";
				IPHONEOS_DEPLOYMENT_TARGET = 16.0;
				LD_RUNPATH_SEARCH_PATHS = (
					"$(inherited)",
					"@executable_path/Frameworks",
				);
				MARKETING_VERSION = 1.0;
				OTHER_LDFLAGS = "";
				PRODUCT_BUNDLE_IDENTIFIER = lamnd.eloo.dev.NoteApp;
				PRODUCT_NAME = NoteApp;
				SDKROOT = iphoneos;
				SWIFT_EMIT_LOC_STRINGS = YES;
				SWIFT_VERSION = 5.0;
				TARGETED_DEVICE_FAMILY = "1,2";
			};
			name = Debug;
		};
		5A8564E328BE4773006C6B22 /* Release */ = {
			isa = XCBuildConfiguration;
			buildSettings = {
				ASSETCATALOG_COMPILER_APPICON_NAME = AppIcon;
				ASSETCATALOG_COMPILER_GLOBAL_ACCENT_COLOR_NAME = AccentColor;
				CODE_SIGN_STYLE = Automatic;
				CURRENT_PROJECT_VERSION = 1;
				DEVELOPMENT_ASSET_PATHS = "";
				DEVELOPMENT_TEAM = BP2GHWM7V6;
				ENABLE_PREVIEWS = YES;
				FRAMEWORK_SEARCH_PATHS = (
					"$(inherited)",
					"$(PROJECT_DIR)/Carthage/Build/iOS",
				);
				GENERATE_INFOPLIST_FILE = YES;
				INFOPLIST_FILE = "NoteApp--iOS--Info.plist";
				INFOPLIST_KEY_UIApplicationSceneManifest_Generation = YES;
				INFOPLIST_KEY_UIApplicationSupportsIndirectInputEvents = YES;
				INFOPLIST_KEY_UILaunchScreen_Generation = YES;
				INFOPLIST_KEY_UISupportedInterfaceOrientations_iPad = "UIInterfaceOrientationPortrait UIInterfaceOrientationPortraitUpsideDown UIInterfaceOrientationLandscapeLeft UIInterfaceOrientationLandscapeRight";
				INFOPLIST_KEY_UISupportedInterfaceOrientations_iPhone = "UIInterfaceOrientationPortrait UIInterfaceOrientationLandscapeLeft UIInterfaceOrientationLandscapeRight";
				IPHONEOS_DEPLOYMENT_TARGET = 16.0;
				LD_RUNPATH_SEARCH_PATHS = (
					"$(inherited)",
					"@executable_path/Frameworks",
				);
				MARKETING_VERSION = 1.0;
				OTHER_LDFLAGS = "";
				PRODUCT_BUNDLE_IDENTIFIER = lamnd.eloo.dev.NoteApp;
				PRODUCT_NAME = NoteApp;
				SDKROOT = iphoneos;
				SWIFT_EMIT_LOC_STRINGS = YES;
				SWIFT_VERSION = 5.0;
				TARGETED_DEVICE_FAMILY = "1,2";
				VALIDATE_PRODUCT = YES;
			};
			name = Release;
		};
		5A8564E528BE4773006C6B22 /* Debug */ = {
			isa = XCBuildConfiguration;
			buildSettings = {
				ASSETCATALOG_COMPILER_APPICON_NAME = AppIcon;
				ASSETCATALOG_COMPILER_GLOBAL_ACCENT_COLOR_NAME = AccentColor;
				CODE_SIGN_ENTITLEMENTS = macOS/macOS.entitlements;
				CODE_SIGN_STYLE = Automatic;
				COMBINE_HIDPI_IMAGES = YES;
				CURRENT_PROJECT_VERSION = 1;
				DEVELOPMENT_TEAM = BP2GHWM7V6;
				ENABLE_HARDENED_RUNTIME = YES;
				ENABLE_PREVIEWS = YES;
				GENERATE_INFOPLIST_FILE = YES;
				INFOPLIST_KEY_NSHumanReadableCopyright = "";
				LD_RUNPATH_SEARCH_PATHS = (
					"$(inherited)",
					"@executable_path/../Frameworks",
				);
				MACOSX_DEPLOYMENT_TARGET = 12.1;
				MARKETING_VERSION = 1.0;
				PRODUCT_BUNDLE_IDENTIFIER = lamnd.eloo.dev.NoteApp;
				PRODUCT_NAME = NoteApp;
				SDKROOT = macosx;
				SWIFT_EMIT_LOC_STRINGS = YES;
				SWIFT_VERSION = 5.0;
			};
			name = Debug;
		};
		5A8564E628BE4773006C6B22 /* Release */ = {
			isa = XCBuildConfiguration;
			buildSettings = {
				ASSETCATALOG_COMPILER_APPICON_NAME = AppIcon;
				ASSETCATALOG_COMPILER_GLOBAL_ACCENT_COLOR_NAME = AccentColor;
				CODE_SIGN_ENTITLEMENTS = macOS/macOS.entitlements;
				CODE_SIGN_STYLE = Automatic;
				COMBINE_HIDPI_IMAGES = YES;
				CURRENT_PROJECT_VERSION = 1;
				DEVELOPMENT_TEAM = BP2GHWM7V6;
				ENABLE_HARDENED_RUNTIME = YES;
				ENABLE_PREVIEWS = YES;
				GENERATE_INFOPLIST_FILE = YES;
				INFOPLIST_KEY_NSHumanReadableCopyright = "";
				LD_RUNPATH_SEARCH_PATHS = (
					"$(inherited)",
					"@executable_path/../Frameworks",
				);
				MACOSX_DEPLOYMENT_TARGET = 12.1;
				MARKETING_VERSION = 1.0;
				PRODUCT_BUNDLE_IDENTIFIER = lamnd.eloo.dev.NoteApp;
				PRODUCT_NAME = NoteApp;
				SDKROOT = macosx;
				SWIFT_EMIT_LOC_STRINGS = YES;
				SWIFT_VERSION = 5.0;
			};
			name = Release;
		};
		5A8564E828BE4773006C6B22 /* Debug */ = {
			isa = XCBuildConfiguration;
			buildSettings = {
				ALWAYS_EMBED_SWIFT_STANDARD_LIBRARIES = YES;
				CODE_SIGN_STYLE = Automatic;
				CURRENT_PROJECT_VERSION = 1;
				DEVELOPMENT_TEAM = BP2GHWM7V6;
				GENERATE_INFOPLIST_FILE = YES;
				IPHONEOS_DEPLOYMENT_TARGET = 15.2;
				MARKETING_VERSION = 1.0;
				PRODUCT_BUNDLE_IDENTIFIER = "lamnd.eloo.dev.Tests-iOS";
				PRODUCT_NAME = "$(TARGET_NAME)";
				SDKROOT = iphoneos;
				SWIFT_EMIT_LOC_STRINGS = NO;
				SWIFT_VERSION = 5.0;
				TARGETED_DEVICE_FAMILY = "1,2";
				TEST_TARGET_NAME = "NoteApp (iOS)";
			};
			name = Debug;
		};
		5A8564E928BE4773006C6B22 /* Release */ = {
			isa = XCBuildConfiguration;
			buildSettings = {
				ALWAYS_EMBED_SWIFT_STANDARD_LIBRARIES = YES;
				CODE_SIGN_STYLE = Automatic;
				CURRENT_PROJECT_VERSION = 1;
				DEVELOPMENT_TEAM = BP2GHWM7V6;
				GENERATE_INFOPLIST_FILE = YES;
				IPHONEOS_DEPLOYMENT_TARGET = 15.2;
				MARKETING_VERSION = 1.0;
				PRODUCT_BUNDLE_IDENTIFIER = "lamnd.eloo.dev.Tests-iOS";
				PRODUCT_NAME = "$(TARGET_NAME)";
				SDKROOT = iphoneos;
				SWIFT_EMIT_LOC_STRINGS = NO;
				SWIFT_VERSION = 5.0;
				TARGETED_DEVICE_FAMILY = "1,2";
				TEST_TARGET_NAME = "NoteApp (iOS)";
				VALIDATE_PRODUCT = YES;
			};
			name = Release;
		};
		5A8564EB28BE4773006C6B22 /* Debug */ = {
			isa = XCBuildConfiguration;
			buildSettings = {
				ALWAYS_EMBED_SWIFT_STANDARD_LIBRARIES = YES;
				CODE_SIGN_STYLE = Automatic;
				CURRENT_PROJECT_VERSION = 1;
				DEVELOPMENT_TEAM = BP2GHWM7V6;
				GENERATE_INFOPLIST_FILE = YES;
				MACOSX_DEPLOYMENT_TARGET = 12.1;
				MARKETING_VERSION = 1.0;
				PRODUCT_BUNDLE_IDENTIFIER = "lamnd.eloo.dev.Tests-macOS";
				PRODUCT_NAME = "$(TARGET_NAME)";
				SDKROOT = macosx;
				SWIFT_EMIT_LOC_STRINGS = NO;
				SWIFT_VERSION = 5.0;
				TEST_TARGET_NAME = "NoteApp (macOS)";
			};
			name = Debug;
		};
		5A8564EC28BE4773006C6B22 /* Release */ = {
			isa = XCBuildConfiguration;
			buildSettings = {
				ALWAYS_EMBED_SWIFT_STANDARD_LIBRARIES = YES;
				CODE_SIGN_STYLE = Automatic;
				CURRENT_PROJECT_VERSION = 1;
				DEVELOPMENT_TEAM = BP2GHWM7V6;
				GENERATE_INFOPLIST_FILE = YES;
				MACOSX_DEPLOYMENT_TARGET = 12.1;
				MARKETING_VERSION = 1.0;
				PRODUCT_BUNDLE_IDENTIFIER = "lamnd.eloo.dev.Tests-macOS";
				PRODUCT_NAME = "$(TARGET_NAME)";
				SDKROOT = macosx;
				SWIFT_EMIT_LOC_STRINGS = NO;
				SWIFT_VERSION = 5.0;
				TEST_TARGET_NAME = "NoteApp (macOS)";
			};
			name = Release;
		};
/* End XCBuildConfiguration section */

/* Begin XCConfigurationList section */
		5A8564AF28BE4771006C6B22 /* Build configuration list for PBXProject "NoteApp" */ = {
			isa = XCConfigurationList;
			buildConfigurations = (
				5A8564DF28BE4773006C6B22 /* Debug */,
				5A8564E028BE4773006C6B22 /* Release */,
			);
			defaultConfigurationIsVisible = 0;
			defaultConfigurationName = Release;
		};
		5A8564E128BE4773006C6B22 /* Build configuration list for PBXNativeTarget "NoteApp (iOS)" */ = {
			isa = XCConfigurationList;
			buildConfigurations = (
				5A8564E228BE4773006C6B22 /* Debug */,
				5A8564E328BE4773006C6B22 /* Release */,
			);
			defaultConfigurationIsVisible = 0;
			defaultConfigurationName = Release;
		};
		5A8564E428BE4773006C6B22 /* Build configuration list for PBXNativeTarget "NoteApp (macOS)" */ = {
			isa = XCConfigurationList;
			buildConfigurations = (
				5A8564E528BE4773006C6B22 /* Debug */,
				5A8564E628BE4773006C6B22 /* Release */,
			);
			defaultConfigurationIsVisible = 0;
			defaultConfigurationName = Release;
		};
		5A8564E728BE4773006C6B22 /* Build configuration list for PBXNativeTarget "Tests iOS" */ = {
			isa = XCConfigurationList;
			buildConfigurations = (
				5A8564E828BE4773006C6B22 /* Debug */,
				5A8564E928BE4773006C6B22 /* Release */,
			);
			defaultConfigurationIsVisible = 0;
			defaultConfigurationName = Release;
		};
		5A8564EA28BE4773006C6B22 /* Build configuration list for PBXNativeTarget "Tests macOS" */ = {
			isa = XCConfigurationList;
			buildConfigurations = (
				5A8564EB28BE4773006C6B22 /* Debug */,
				5A8564EC28BE4773006C6B22 /* Release */,
			);
			defaultConfigurationIsVisible = 0;
			defaultConfigurationName = Release;
		};
/* End XCConfigurationList section */
	};
	rootObject = 5A8564AC28BE4771006C6B22 /* Project object */;
}
